
Microsoft Visual Studio Solution File, Format Version 12.00
# Visual Studio 14
VisualStudioVersion = 14.0.25420.1
MinimumVisualStudioVersion = 10.0.40219.1
Project("{FAE04EC0-301F-11D3-BF4B-00C04F79EFBC}") = "InTheHand.Forms", "InTheHand.Forms.csproj", "{67F9D3A8-F71E-4428-913F-C37AE82CDB24}"
EndProject
Project("{FAE04EC0-301F-11D3-BF4B-00C04F79EFBC}") = "InTheHand.Forms.Platform.iOS", "InTheHand.Forms.Platform.iOS\InTheHand.Forms.Platform.iOS.csproj", "{5068CED2-2FBF-468D-9BF4-759218DE330A}"
EndProject
Project("{FAE04EC0-301F-11D3-BF4B-00C04F79EFBC}") = "InTheHand.Forms.Platform.UWP", "InTheHand.Forms.Platform.UWP\InTheHand.Forms.Platform.UWP.csproj", "{E0038494-3A3D-4274-9E3B-A64830B7CE26}"
EndProject
Project("{FAE04EC0-301F-11D3-BF4B-00C04F79EFBC}") = "InTheHand.Forms.Platform.Android", "InTheHand.Forms.Platform.Android\InTheHand.Forms.Platform.Android.csproj", "{754B39AD-D247-4972-9686-F95F889234A8}"
EndProject
Project("{FAE04EC0-301F-11D3-BF4B-00C04F79EFBC}") = "InTheHand.Forms.Platform.Tizen", "..\InTheHand.Forms.Platform.Tizen\InTheHand.Forms.Platform.Tizen.csproj", "{3496951D-CB7A-4849-9C9C-85DCEF213460}"
EndProject
Global
	GlobalSection(SolutionConfigurationPlatforms) = preSolution
		Debug|Any CPU = Debug|Any CPU
		Debug|ARM = Debug|ARM
		Debug|x64 = Debug|x64
		Debug|x86 = Debug|x86
		Release|Any CPU = Release|Any CPU
		Release|ARM = Release|ARM
		Release|x64 = Release|x64
		Release|x86 = Release|x86
	EndGlobalSection
	GlobalSection(ProjectConfigurationPlatforms) = postSolution
		{67F9D3A8-F71E-4428-913F-C37AE82CDB24}.Debug|Any CPU.ActiveCfg = Debug|Any CPU
		{67F9D3A8-F71E-4428-913F-C37AE82CDB24}.Debug|Any CPU.Build.0 = Debug|Any CPU
		{67F9D3A8-F71E-4428-913F-C37AE82CDB24}.Debug|ARM.ActiveCfg = Debug|Any CPU
		{67F9D3A8-F71E-4428-913F-C37AE82CDB24}.Debug|ARM.Build.0 = Debug|Any CPU
		{67F9D3A8-F71E-4428-913F-C37AE82CDB24}.Debug|x64.ActiveCfg = Debug|Any CPU
		{67F9D3A8-F71E-4428-913F-C37AE82CDB24}.Debug|x64.Build.0 = Debug|Any CPU
		{67F9D3A8-F71E-4428-913F-C37AE82CDB24}.Debug|x86.ActiveCfg = Debug|Any CPU
		{67F9D3A8-F71E-4428-913F-C37AE82CDB24}.Debug|x86.Build.0 = Debug|Any CPU
		{67F9D3A8-F71E-4428-913F-C37AE82CDB24}.Release|Any CPU.ActiveCfg = Release|Any CPU
		{67F9D3A8-F71E-4428-913F-C37AE82CDB24}.Release|Any CPU.Build.0 = Release|Any CPU
		{67F9D3A8-F71E-4428-913F-C37AE82CDB24}.Release|ARM.ActiveCfg = Release|Any CPU
		{67F9D3A8-F71E-4428-913F-C37AE82CDB24}.Release|ARM.Build.0 = Release|Any CPU
		{67F9D3A8-F71E-4428-913F-C37AE82CDB24}.Release|x64.ActiveCfg = Release|Any CPU
		{67F9D3A8-F71E-4428-913F-C37AE82CDB24}.Release|x64.Build.0 = Release|Any CPU
		{67F9D3A8-F71E-4428-913F-C37AE82CDB24}.Release|x86.ActiveCfg = Release|Any CPU
		{67F9D3A8-F71E-4428-913F-C37AE82CDB24}.Release|x86.Build.0 = Release|Any CPU
		{5068CED2-2FBF-468D-9BF4-759218DE330A}.Debug|Any CPU.ActiveCfg = Debug|Any CPU
		{5068CED2-2FBF-468D-9BF4-759218DE330A}.Debug|Any CPU.Build.0 = Debug|Any CPU
		{5068CED2-2FBF-468D-9BF4-759218DE330A}.Debug|ARM.ActiveCfg = Debug|Any CPU
		{5068CED2-2FBF-468D-9BF4-759218DE330A}.Debug|ARM.Build.0 = Debug|Any CPU
		{5068CED2-2FBF-468D-9BF4-759218DE330A}.Debug|x64.ActiveCfg = Debug|Any CPU
		{5068CED2-2FBF-468D-9BF4-759218DE330A}.Debug|x64.Build.0 = Debug|Any CPU
		{5068CED2-2FBF-468D-9BF4-759218DE330A}.Debug|x86.ActiveCfg = Debug|Any CPU
		{5068CED2-2FBF-468D-9BF4-759218DE330A}.Debug|x86.Build.0 = Debug|Any CPU
		{5068CED2-2FBF-468D-9BF4-759218DE330A}.Release|Any CPU.ActiveCfg = Release|Any CPU
		{5068CED2-2FBF-468D-9BF4-759218DE330A}.Release|Any CPU.Build.0 = Release|Any CPU
		{5068CED2-2FBF-468D-9BF4-759218DE330A}.Release|ARM.ActiveCfg = Release|Any CPU
		{5068CED2-2FBF-468D-9BF4-759218DE330A}.Release|ARM.Build.0 = Release|Any CPU
		{5068CED2-2FBF-468D-9BF4-759218DE330A}.Release|x64.ActiveCfg = Release|Any CPU
		{5068CED2-2FBF-468D-9BF4-759218DE330A}.Release|x64.Build.0 = Release|Any CPU
		{5068CED2-2FBF-468D-9BF4-759218DE330A}.Release|x86.ActiveCfg = Release|Any CPU
		{5068CED2-2FBF-468D-9BF4-759218DE330A}.Release|x86.Build.0 = Release|Any CPU
		{E0038494-3A3D-4274-9E3B-A64830B7CE26}.Debug|Any CPU.ActiveCfg = Debug|Any CPU
		{E0038494-3A3D-4274-9E3B-A64830B7CE26}.Debug|Any CPU.Build.0 = Debug|Any CPU
		{E0038494-3A3D-4274-9E3B-A64830B7CE26}.Debug|ARM.ActiveCfg = Debug|ARM
		{E0038494-3A3D-4274-9E3B-A64830B7CE26}.Debug|ARM.Build.0 = Debug|ARM
		{E0038494-3A3D-4274-9E3B-A64830B7CE26}.Debug|x64.ActiveCfg = Debug|x64
		{E0038494-3A3D-4274-9E3B-A64830B7CE26}.Debug|x64.Build.0 = Debug|x64
		{E0038494-3A3D-4274-9E3B-A64830B7CE26}.Debug|x86.ActiveCfg = Debug|x86
		{E0038494-3A3D-4274-9E3B-A64830B7CE26}.Debug|x86.Build.0 = Debug|x86
		{E0038494-3A3D-4274-9E3B-A64830B7CE26}.Release|Any CPU.ActiveCfg = Release|Any CPU
		{E0038494-3A3D-4274-9E3B-A64830B7CE26}.Release|Any CPU.Build.0 = Release|Any CPU
		{E0038494-3A3D-4274-9E3B-A64830B7CE26}.Release|ARM.ActiveCfg = Release|ARM
		{E0038494-3A3D-4274-9E3B-A64830B7CE26}.Release|ARM.Build.0 = Release|ARM
		{E0038494-3A3D-4274-9E3B-A64830B7CE26}.Release|x64.ActiveCfg = Release|x64
		{E0038494-3A3D-4274-9E3B-A64830B7CE26}.Release|x64.Build.0 = Release|x64
		{E0038494-3A3D-4274-9E3B-A64830B7CE26}.Release|x86.ActiveCfg = Release|x86
		{E0038494-3A3D-4274-9E3B-A64830B7CE26}.Release|x86.Build.0 = Release|x86
		{754B39AD-D247-4972-9686-F95F889234A8}.Debug|Any CPU.ActiveCfg = Debug|Any CPU
		{754B39AD-D247-4972-9686-F95F889234A8}.Debug|Any CPU.Build.0 = Debug|Any CPU
		{754B39AD-D247-4972-9686-F95F889234A8}.Debug|ARM.ActiveCfg = Debug|Any CPU
		{754B39AD-D247-4972-9686-F95F889234A8}.Debug|ARM.Build.0 = Debug|Any CPU
		{754B39AD-D247-4972-9686-F95F889234A8}.Debug|x64.ActiveCfg = Debug|Any CPU
		{754B39AD-D247-4972-9686-F95F889234A8}.Debug|x64.Build.0 = Debug|Any CPU
		{754B39AD-D247-4972-9686-F95F889234A8}.Debug|x86.ActiveCfg = Debug|Any CPU
		{754B39AD-D247-4972-9686-F95F889234A8}.Debug|x86.Build.0 = Debug|Any CPU
		{754B39AD-D247-4972-9686-F95F889234A8}.Release|Any CPU.ActiveCfg = Release|Any CPU
		{754B39AD-D247-4972-9686-F95F889234A8}.Release|Any CPU.Build.0 = Release|Any CPU
		{754B39AD-D247-4972-9686-F95F889234A8}.Release|ARM.ActiveCfg = Release|Any CPU
		{754B39AD-D247-4972-9686-F95F889234A8}.Release|ARM.Build.0 = Release|Any CPU
		{754B39AD-D247-4972-9686-F95F889234A8}.Release|x64.ActiveCfg = Release|Any CPU
		{754B39AD-D247-4972-9686-F95F889234A8}.Release|x64.Build.0 = Release|Any CPU
		{754B39AD-D247-4972-9686-F95F889234A8}.Release|x86.ActiveCfg = Release|Any CPU
		{754B39AD-D247-4972-9686-F95F889234A8}.Release|x86.Build.0 = Release|Any CPU
		{3496951D-CB7A-4849-9C9C-85DCEF213460}.Debug|Any CPU.ActiveCfg = Debug|Any CPU
		{3496951D-CB7A-4849-9C9C-85DCEF213460}.Debug|Any CPU.Build.0 = Debug|Any CPU
		{3496951D-CB7A-4849-9C9C-85DCEF213460}.Debug|ARM.ActiveCfg = Debug|Any CPU
		{3496951D-CB7A-4849-9C9C-85DCEF213460}.Debug|ARM.Build.0 = Debug|Any CPU
		{3496951D-CB7A-4849-9C9C-85DCEF213460}.Debug|x64.ActiveCfg = Debug|Any CPU
		{3496951D-CB7A-4849-9C9C-85DCEF213460}.Debug|x64.Build.0 = Debug|Any CPU
		{3496951D-CB7A-4849-9C9C-85DCEF213460}.Debug|x86.ActiveCfg = Debug|Any CPU
		{3496951D-CB7A-4849-9C9C-85DCEF213460}.Debug|x86.Build.0 = Debug|Any CPU
		{3496951D-CB7A-4849-9C9C-85DCEF213460}.Release|Any CPU.ActiveCfg = Release|Any CPU
		{3496951D-CB7A-4849-9C9C-85DCEF213460}.Release|Any CPU.Build.0 = Release|Any CPU
		{3496951D-CB7A-4849-9C9C-85DCEF213460}.Release|ARM.ActiveCfg = Release|Any CPU
		{3496951D-CB7A-4849-9C9C-85DCEF213460}.Release|ARM.Build.0 = Release|Any CPU
		{3496951D-CB7A-4849-9C9C-85DCEF213460}.Release|x64.ActiveCfg = Release|Any CPU
		{3496951D-CB7A-4849-9C9C-85DCEF213460}.Release|x64.Build.0 = Release|Any CPU
		{3496951D-CB7A-4849-9C9C-85DCEF213460}.Release|x86.ActiveCfg = Release|Any CPU
		{3496951D-CB7A-4849-9C9C-85DCEF213460}.Release|x86.Build.0 = Release|Any CPU
	EndGlobalSection
	GlobalSection(SolutionProperties) = preSolution
		HideSolutionNode = FALSE
	EndGlobalSection
EndGlobal
