
Microsoft Visual Studio Solution File, Format Version 12.00
# Visual Studio Version 16
VisualStudioVersion = 16.0.28922.388
MinimumVisualStudioVersion = 10.0.40219.1
Project("{9A19103F-16F7-4668-BE54-9A1E7A4F7556}") = "InTheHand.Forms", "InTheHand.Forms.csproj", "{67F9D3A8-F71E-4428-913F-C37AE82CDB24}"
EndProject
Project("{FAE04EC0-301F-11D3-BF4B-00C04F79EFBC}") = "InTheHand.Forms.Platform.iOS", "InTheHand.Forms.Platform.iOS\InTheHand.Forms.Platform.iOS.csproj", "{5068CED2-2FBF-468D-9BF4-759218DE330A}"
EndProject
Project("{FAE04EC0-301F-11D3-BF4B-00C04F79EFBC}") = "InTheHand.Forms.Platform.UWP", "InTheHand.Forms.Platform.UWP\InTheHand.Forms.Platform.UWP.csproj", "{E0038494-3A3D-4274-9E3B-A64830B7CE26}"
EndProject
Project("{FAE04EC0-301F-11D3-BF4B-00C04F79EFBC}") = "InTheHand.Forms.Platform.Android", "InTheHand.Forms.Platform.Android\InTheHand.Forms.Platform.Android.csproj", "{754B39AD-D247-4972-9686-F95F889234A8}"
EndProject
Project("{FAE04EC0-301F-11D3-BF4B-00C04F79EFBC}") = "MediaPlayerSample.Android", "..\MediaPlayerSample\MediaPlayerSample.Android\MediaPlayerSample.Android.csproj", "{422B7696-6958-4A6E-9E68-36043B827609}"
EndProject
Project("{9A19103F-16F7-4668-BE54-9A1E7A4F7556}") = "MediaPlayerSample", "..\MediaPlayerSample\MediaPlayerSample\MediaPlayerSample.csproj", "{0DBAD6F4-C394-4D97-A331-27EE8F3DD6FF}"
EndProject
Project("{FAE04EC0-301F-11D3-BF4B-00C04F79EFBC}") = "MediaPlayerSample.UWP", "..\MediaPlayerSample\MediaPlayerSample.UWP\MediaPlayerSample.UWP.csproj", "{4405B5BB-9E86-4339-B347-B2DD3D754474}"
EndProject
Project("{FAE04EC0-301F-11D3-BF4B-00C04F79EFBC}") = "MediaPlayerSample.iOS", "..\MediaPlayerSample\MediaPlayerSample.iOS\MediaPlayerSample.iOS.csproj", "{218353AE-AE81-432F-BF4B-85B88702D812}"
EndProject
Project("{FAE04EC0-301F-11D3-BF4B-00C04F79EFBC}") = "InTheHand.Forms.Platform.WinRT", "InTheHand.Forms.Platform.WinRT\InTheHand.Forms.Platform.WinRT.csproj", "{271E6DED-495A-4D49-9C1F-5318A17FA879}"
EndProject
Project("{FAE04EC0-301F-11D3-BF4B-00C04F79EFBC}") = "InTheHand.Forms.Platform.wpa81", "InTheHand.Forms.Platform.wpa81\InTheHand.Forms.Platform.wpa81.csproj", "{934CACA9-5FFD-43CA-9AD6-3F5113B04BCB}"
EndProject
Project("{2150E333-8FDC-42A3-9474-1A3956D46DE8}") = "Samples", "Samples", "{D9EEDC00-F7B0-408F-A7D6-70120F27D3EA}"
EndProject
Project("{2150E333-8FDC-42A3-9474-1A3956D46DE8}") = "MediaPlayer", "MediaPlayer", "{13DEC0AB-6F58-4DAC-A8E0-6BA3CF9E1D20}"
EndProject
Project("{FAE04EC0-301F-11D3-BF4B-00C04F79EFBC}") = "ChatList.Android", "ChatList\ChatList.Android\ChatList.Android.csproj", "{E02908AF-830F-4E6E-AF54-48A620D58C48}"
EndProject
Project("{FAE04EC0-301F-11D3-BF4B-00C04F79EFBC}") = "ChatList.iOS", "ChatList\ChatList.iOS\ChatList.iOS.csproj", "{DD5507BB-DF5E-4B6D-807E-EA8B809C646F}"
EndProject
Project("{FAE04EC0-301F-11D3-BF4B-00C04F79EFBC}") = "ChatList.UWP", "ChatList\ChatList.UWP\ChatList.UWP.csproj", "{00E1F6BB-A9F9-40F2-B9F8-4E6286DEE07F}"
EndProject
Project("{9A19103F-16F7-4668-BE54-9A1E7A4F7556}") = "ChatList", "ChatList\ChatList\ChatList.csproj", "{3E814BE1-6AA7-47E4-A8AC-AEFAEE932EF3}"
EndProject
Project("{2150E333-8FDC-42A3-9474-1A3956D46DE8}") = "ChatList", "ChatList", "{60BA1EA4-F715-4112-82DE-E7AE48B8D3DC}"
EndProject
Global
	GlobalSection(SolutionConfigurationPlatforms) = preSolution
		Ad-Hoc|Any CPU = Ad-Hoc|Any CPU
		Ad-Hoc|ARM = Ad-Hoc|ARM
		Ad-Hoc|iPhone = Ad-Hoc|iPhone
		Ad-Hoc|iPhoneSimulator = Ad-Hoc|iPhoneSimulator
		Ad-Hoc|x64 = Ad-Hoc|x64
		Ad-Hoc|x86 = Ad-Hoc|x86
		AppStore|Any CPU = AppStore|Any CPU
		AppStore|ARM = AppStore|ARM
		AppStore|iPhone = AppStore|iPhone
		AppStore|iPhoneSimulator = AppStore|iPhoneSimulator
		AppStore|x64 = AppStore|x64
		AppStore|x86 = AppStore|x86
		Debug|Any CPU = Debug|Any CPU
		Debug|ARM = Debug|ARM
		Debug|iPhone = Debug|iPhone
		Debug|iPhoneSimulator = Debug|iPhoneSimulator
		Debug|x64 = Debug|x64
		Debug|x86 = Debug|x86
		Release|Any CPU = Release|Any CPU
		Release|ARM = Release|ARM
		Release|iPhone = Release|iPhone
		Release|iPhoneSimulator = Release|iPhoneSimulator
		Release|x64 = Release|x64
		Release|x86 = Release|x86
	EndGlobalSection
	GlobalSection(ProjectConfigurationPlatforms) = postSolution
		{67F9D3A8-F71E-4428-913F-C37AE82CDB24}.Ad-Hoc|Any CPU.ActiveCfg = Release|Any CPU
		{67F9D3A8-F71E-4428-913F-C37AE82CDB24}.Ad-Hoc|Any CPU.Build.0 = Release|Any CPU
		{67F9D3A8-F71E-4428-913F-C37AE82CDB24}.Ad-Hoc|ARM.ActiveCfg = Release|Any CPU
		{67F9D3A8-F71E-4428-913F-C37AE82CDB24}.Ad-Hoc|ARM.Build.0 = Release|Any CPU
		{67F9D3A8-F71E-4428-913F-C37AE82CDB24}.Ad-Hoc|iPhone.ActiveCfg = Release|Any CPU
		{67F9D3A8-F71E-4428-913F-C37AE82CDB24}.Ad-Hoc|iPhone.Build.0 = Release|Any CPU
		{67F9D3A8-F71E-4428-913F-C37AE82CDB24}.Ad-Hoc|iPhoneSimulator.ActiveCfg = Release|Any CPU
		{67F9D3A8-F71E-4428-913F-C37AE82CDB24}.Ad-Hoc|iPhoneSimulator.Build.0 = Release|Any CPU
		{67F9D3A8-F71E-4428-913F-C37AE82CDB24}.Ad-Hoc|x64.ActiveCfg = Release|Any CPU
		{67F9D3A8-F71E-4428-913F-C37AE82CDB24}.Ad-Hoc|x64.Build.0 = Release|Any CPU
		{67F9D3A8-F71E-4428-913F-C37AE82CDB24}.Ad-Hoc|x86.ActiveCfg = Release|Any CPU
		{67F9D3A8-F71E-4428-913F-C37AE82CDB24}.Ad-Hoc|x86.Build.0 = Release|Any CPU
		{67F9D3A8-F71E-4428-913F-C37AE82CDB24}.AppStore|Any CPU.ActiveCfg = Release|Any CPU
		{67F9D3A8-F71E-4428-913F-C37AE82CDB24}.AppStore|Any CPU.Build.0 = Release|Any CPU
		{67F9D3A8-F71E-4428-913F-C37AE82CDB24}.AppStore|ARM.ActiveCfg = Release|Any CPU
		{67F9D3A8-F71E-4428-913F-C37AE82CDB24}.AppStore|ARM.Build.0 = Release|Any CPU
		{67F9D3A8-F71E-4428-913F-C37AE82CDB24}.AppStore|iPhone.ActiveCfg = Release|Any CPU
		{67F9D3A8-F71E-4428-913F-C37AE82CDB24}.AppStore|iPhone.Build.0 = Release|Any CPU
		{67F9D3A8-F71E-4428-913F-C37AE82CDB24}.AppStore|iPhoneSimulator.ActiveCfg = Release|Any CPU
		{67F9D3A8-F71E-4428-913F-C37AE82CDB24}.AppStore|iPhoneSimulator.Build.0 = Release|Any CPU
		{67F9D3A8-F71E-4428-913F-C37AE82CDB24}.AppStore|x64.ActiveCfg = Release|Any CPU
		{67F9D3A8-F71E-4428-913F-C37AE82CDB24}.AppStore|x64.Build.0 = Release|Any CPU
		{67F9D3A8-F71E-4428-913F-C37AE82CDB24}.AppStore|x86.ActiveCfg = Release|Any CPU
		{67F9D3A8-F71E-4428-913F-C37AE82CDB24}.AppStore|x86.Build.0 = Release|Any CPU
		{67F9D3A8-F71E-4428-913F-C37AE82CDB24}.Debug|Any CPU.ActiveCfg = Debug|Any CPU
		{67F9D3A8-F71E-4428-913F-C37AE82CDB24}.Debug|Any CPU.Build.0 = Debug|Any CPU
		{67F9D3A8-F71E-4428-913F-C37AE82CDB24}.Debug|ARM.ActiveCfg = Debug|Any CPU
		{67F9D3A8-F71E-4428-913F-C37AE82CDB24}.Debug|ARM.Build.0 = Debug|Any CPU
		{67F9D3A8-F71E-4428-913F-C37AE82CDB24}.Debug|iPhone.ActiveCfg = Debug|Any CPU
		{67F9D3A8-F71E-4428-913F-C37AE82CDB24}.Debug|iPhone.Build.0 = Debug|Any CPU
		{67F9D3A8-F71E-4428-913F-C37AE82CDB24}.Debug|iPhoneSimulator.ActiveCfg = Debug|Any CPU
		{67F9D3A8-F71E-4428-913F-C37AE82CDB24}.Debug|iPhoneSimulator.Build.0 = Debug|Any CPU
		{67F9D3A8-F71E-4428-913F-C37AE82CDB24}.Debug|x64.ActiveCfg = Debug|Any CPU
		{67F9D3A8-F71E-4428-913F-C37AE82CDB24}.Debug|x64.Build.0 = Debug|Any CPU
		{67F9D3A8-F71E-4428-913F-C37AE82CDB24}.Debug|x86.ActiveCfg = Debug|Any CPU
		{67F9D3A8-F71E-4428-913F-C37AE82CDB24}.Debug|x86.Build.0 = Debug|Any CPU
		{67F9D3A8-F71E-4428-913F-C37AE82CDB24}.Release|Any CPU.ActiveCfg = Release|Any CPU
		{67F9D3A8-F71E-4428-913F-C37AE82CDB24}.Release|Any CPU.Build.0 = Release|Any CPU
		{67F9D3A8-F71E-4428-913F-C37AE82CDB24}.Release|ARM.ActiveCfg = Release|Any CPU
		{67F9D3A8-F71E-4428-913F-C37AE82CDB24}.Release|ARM.Build.0 = Release|Any CPU
		{67F9D3A8-F71E-4428-913F-C37AE82CDB24}.Release|iPhone.ActiveCfg = Release|Any CPU
		{67F9D3A8-F71E-4428-913F-C37AE82CDB24}.Release|iPhone.Build.0 = Release|Any CPU
		{67F9D3A8-F71E-4428-913F-C37AE82CDB24}.Release|iPhoneSimulator.ActiveCfg = Release|Any CPU
		{67F9D3A8-F71E-4428-913F-C37AE82CDB24}.Release|iPhoneSimulator.Build.0 = Release|Any CPU
		{67F9D3A8-F71E-4428-913F-C37AE82CDB24}.Release|x64.ActiveCfg = Release|Any CPU
		{67F9D3A8-F71E-4428-913F-C37AE82CDB24}.Release|x64.Build.0 = Release|Any CPU
		{67F9D3A8-F71E-4428-913F-C37AE82CDB24}.Release|x86.ActiveCfg = Release|Any CPU
		{67F9D3A8-F71E-4428-913F-C37AE82CDB24}.Release|x86.Build.0 = Release|Any CPU
		{5068CED2-2FBF-468D-9BF4-759218DE330A}.Ad-Hoc|Any CPU.ActiveCfg = Release|Any CPU
		{5068CED2-2FBF-468D-9BF4-759218DE330A}.Ad-Hoc|Any CPU.Build.0 = Release|Any CPU
		{5068CED2-2FBF-468D-9BF4-759218DE330A}.Ad-Hoc|ARM.ActiveCfg = Release|Any CPU
		{5068CED2-2FBF-468D-9BF4-759218DE330A}.Ad-Hoc|ARM.Build.0 = Release|Any CPU
		{5068CED2-2FBF-468D-9BF4-759218DE330A}.Ad-Hoc|iPhone.ActiveCfg = Release|Any CPU
		{5068CED2-2FBF-468D-9BF4-759218DE330A}.Ad-Hoc|iPhone.Build.0 = Release|Any CPU
		{5068CED2-2FBF-468D-9BF4-759218DE330A}.Ad-Hoc|iPhoneSimulator.ActiveCfg = Release|Any CPU
		{5068CED2-2FBF-468D-9BF4-759218DE330A}.Ad-Hoc|iPhoneSimulator.Build.0 = Release|Any CPU
		{5068CED2-2FBF-468D-9BF4-759218DE330A}.Ad-Hoc|x64.ActiveCfg = Release|Any CPU
		{5068CED2-2FBF-468D-9BF4-759218DE330A}.Ad-Hoc|x64.Build.0 = Release|Any CPU
		{5068CED2-2FBF-468D-9BF4-759218DE330A}.Ad-Hoc|x86.ActiveCfg = Release|Any CPU
		{5068CED2-2FBF-468D-9BF4-759218DE330A}.Ad-Hoc|x86.Build.0 = Release|Any CPU
		{5068CED2-2FBF-468D-9BF4-759218DE330A}.AppStore|Any CPU.ActiveCfg = Release|Any CPU
		{5068CED2-2FBF-468D-9BF4-759218DE330A}.AppStore|Any CPU.Build.0 = Release|Any CPU
		{5068CED2-2FBF-468D-9BF4-759218DE330A}.AppStore|ARM.ActiveCfg = Release|Any CPU
		{5068CED2-2FBF-468D-9BF4-759218DE330A}.AppStore|ARM.Build.0 = Release|Any CPU
		{5068CED2-2FBF-468D-9BF4-759218DE330A}.AppStore|iPhone.ActiveCfg = Release|Any CPU
		{5068CED2-2FBF-468D-9BF4-759218DE330A}.AppStore|iPhone.Build.0 = Release|Any CPU
		{5068CED2-2FBF-468D-9BF4-759218DE330A}.AppStore|iPhoneSimulator.ActiveCfg = Release|Any CPU
		{5068CED2-2FBF-468D-9BF4-759218DE330A}.AppStore|iPhoneSimulator.Build.0 = Release|Any CPU
		{5068CED2-2FBF-468D-9BF4-759218DE330A}.AppStore|x64.ActiveCfg = Release|Any CPU
		{5068CED2-2FBF-468D-9BF4-759218DE330A}.AppStore|x64.Build.0 = Release|Any CPU
		{5068CED2-2FBF-468D-9BF4-759218DE330A}.AppStore|x86.ActiveCfg = Release|Any CPU
		{5068CED2-2FBF-468D-9BF4-759218DE330A}.AppStore|x86.Build.0 = Release|Any CPU
		{5068CED2-2FBF-468D-9BF4-759218DE330A}.Debug|Any CPU.ActiveCfg = Debug|Any CPU
		{5068CED2-2FBF-468D-9BF4-759218DE330A}.Debug|ARM.ActiveCfg = Debug|Any CPU
		{5068CED2-2FBF-468D-9BF4-759218DE330A}.Debug|ARM.Build.0 = Debug|Any CPU
		{5068CED2-2FBF-468D-9BF4-759218DE330A}.Debug|iPhone.ActiveCfg = Debug|Any CPU
		{5068CED2-2FBF-468D-9BF4-759218DE330A}.Debug|iPhone.Build.0 = Debug|Any CPU
		{5068CED2-2FBF-468D-9BF4-759218DE330A}.Debug|iPhoneSimulator.ActiveCfg = Debug|Any CPU
		{5068CED2-2FBF-468D-9BF4-759218DE330A}.Debug|iPhoneSimulator.Build.0 = Debug|Any CPU
		{5068CED2-2FBF-468D-9BF4-759218DE330A}.Debug|x64.ActiveCfg = Debug|Any CPU
		{5068CED2-2FBF-468D-9BF4-759218DE330A}.Debug|x64.Build.0 = Debug|Any CPU
		{5068CED2-2FBF-468D-9BF4-759218DE330A}.Debug|x86.ActiveCfg = Debug|Any CPU
		{5068CED2-2FBF-468D-9BF4-759218DE330A}.Debug|x86.Build.0 = Debug|Any CPU
		{5068CED2-2FBF-468D-9BF4-759218DE330A}.Release|Any CPU.ActiveCfg = Release|Any CPU
		{5068CED2-2FBF-468D-9BF4-759218DE330A}.Release|Any CPU.Build.0 = Release|Any CPU
		{5068CED2-2FBF-468D-9BF4-759218DE330A}.Release|ARM.ActiveCfg = Release|Any CPU
		{5068CED2-2FBF-468D-9BF4-759218DE330A}.Release|ARM.Build.0 = Release|Any CPU
		{5068CED2-2FBF-468D-9BF4-759218DE330A}.Release|iPhone.ActiveCfg = Release|Any CPU
		{5068CED2-2FBF-468D-9BF4-759218DE330A}.Release|iPhone.Build.0 = Release|Any CPU
		{5068CED2-2FBF-468D-9BF4-759218DE330A}.Release|iPhoneSimulator.ActiveCfg = Release|Any CPU
		{5068CED2-2FBF-468D-9BF4-759218DE330A}.Release|iPhoneSimulator.Build.0 = Release|Any CPU
		{5068CED2-2FBF-468D-9BF4-759218DE330A}.Release|x64.ActiveCfg = Release|Any CPU
		{5068CED2-2FBF-468D-9BF4-759218DE330A}.Release|x64.Build.0 = Release|Any CPU
		{5068CED2-2FBF-468D-9BF4-759218DE330A}.Release|x86.ActiveCfg = Release|Any CPU
		{5068CED2-2FBF-468D-9BF4-759218DE330A}.Release|x86.Build.0 = Release|Any CPU
		{E0038494-3A3D-4274-9E3B-A64830B7CE26}.Ad-Hoc|Any CPU.ActiveCfg = Release|Any CPU
		{E0038494-3A3D-4274-9E3B-A64830B7CE26}.Ad-Hoc|Any CPU.Build.0 = Release|Any CPU
		{E0038494-3A3D-4274-9E3B-A64830B7CE26}.Ad-Hoc|ARM.ActiveCfg = Release|ARM
		{E0038494-3A3D-4274-9E3B-A64830B7CE26}.Ad-Hoc|ARM.Build.0 = Release|ARM
		{E0038494-3A3D-4274-9E3B-A64830B7CE26}.Ad-Hoc|iPhone.ActiveCfg = Release|Any CPU
		{E0038494-3A3D-4274-9E3B-A64830B7CE26}.Ad-Hoc|iPhone.Build.0 = Release|Any CPU
		{E0038494-3A3D-4274-9E3B-A64830B7CE26}.Ad-Hoc|iPhoneSimulator.ActiveCfg = Release|Any CPU
		{E0038494-3A3D-4274-9E3B-A64830B7CE26}.Ad-Hoc|iPhoneSimulator.Build.0 = Release|Any CPU
		{E0038494-3A3D-4274-9E3B-A64830B7CE26}.Ad-Hoc|x64.ActiveCfg = Release|x64
		{E0038494-3A3D-4274-9E3B-A64830B7CE26}.Ad-Hoc|x64.Build.0 = Release|x64
		{E0038494-3A3D-4274-9E3B-A64830B7CE26}.Ad-Hoc|x86.ActiveCfg = Release|x86
		{E0038494-3A3D-4274-9E3B-A64830B7CE26}.Ad-Hoc|x86.Build.0 = Release|x86
		{E0038494-3A3D-4274-9E3B-A64830B7CE26}.AppStore|Any CPU.ActiveCfg = Release|Any CPU
		{E0038494-3A3D-4274-9E3B-A64830B7CE26}.AppStore|Any CPU.Build.0 = Release|Any CPU
		{E0038494-3A3D-4274-9E3B-A64830B7CE26}.AppStore|ARM.ActiveCfg = Release|ARM
		{E0038494-3A3D-4274-9E3B-A64830B7CE26}.AppStore|ARM.Build.0 = Release|ARM
		{E0038494-3A3D-4274-9E3B-A64830B7CE26}.AppStore|iPhone.ActiveCfg = Release|Any CPU
		{E0038494-3A3D-4274-9E3B-A64830B7CE26}.AppStore|iPhone.Build.0 = Release|Any CPU
		{E0038494-3A3D-4274-9E3B-A64830B7CE26}.AppStore|iPhoneSimulator.ActiveCfg = Release|Any CPU
		{E0038494-3A3D-4274-9E3B-A64830B7CE26}.AppStore|iPhoneSimulator.Build.0 = Release|Any CPU
		{E0038494-3A3D-4274-9E3B-A64830B7CE26}.AppStore|x64.ActiveCfg = Release|x64
		{E0038494-3A3D-4274-9E3B-A64830B7CE26}.AppStore|x64.Build.0 = Release|x64
		{E0038494-3A3D-4274-9E3B-A64830B7CE26}.AppStore|x86.ActiveCfg = Release|x86
		{E0038494-3A3D-4274-9E3B-A64830B7CE26}.AppStore|x86.Build.0 = Release|x86
		{E0038494-3A3D-4274-9E3B-A64830B7CE26}.Debug|Any CPU.ActiveCfg = Debug|Any CPU
		{E0038494-3A3D-4274-9E3B-A64830B7CE26}.Debug|ARM.ActiveCfg = Debug|ARM
		{E0038494-3A3D-4274-9E3B-A64830B7CE26}.Debug|ARM.Build.0 = Debug|ARM
		{E0038494-3A3D-4274-9E3B-A64830B7CE26}.Debug|iPhone.ActiveCfg = Debug|Any CPU
		{E0038494-3A3D-4274-9E3B-A64830B7CE26}.Debug|iPhone.Build.0 = Debug|Any CPU
		{E0038494-3A3D-4274-9E3B-A64830B7CE26}.Debug|iPhoneSimulator.ActiveCfg = Debug|Any CPU
		{E0038494-3A3D-4274-9E3B-A64830B7CE26}.Debug|iPhoneSimulator.Build.0 = Debug|Any CPU
		{E0038494-3A3D-4274-9E3B-A64830B7CE26}.Debug|x64.ActiveCfg = Debug|x64
		{E0038494-3A3D-4274-9E3B-A64830B7CE26}.Debug|x64.Build.0 = Debug|x64
		{E0038494-3A3D-4274-9E3B-A64830B7CE26}.Debug|x86.ActiveCfg = Debug|x86
		{E0038494-3A3D-4274-9E3B-A64830B7CE26}.Debug|x86.Build.0 = Debug|x86
		{E0038494-3A3D-4274-9E3B-A64830B7CE26}.Release|Any CPU.ActiveCfg = Release|Any CPU
		{E0038494-3A3D-4274-9E3B-A64830B7CE26}.Release|Any CPU.Build.0 = Release|Any CPU
		{E0038494-3A3D-4274-9E3B-A64830B7CE26}.Release|ARM.ActiveCfg = Release|ARM
		{E0038494-3A3D-4274-9E3B-A64830B7CE26}.Release|ARM.Build.0 = Release|ARM
		{E0038494-3A3D-4274-9E3B-A64830B7CE26}.Release|iPhone.ActiveCfg = Release|Any CPU
		{E0038494-3A3D-4274-9E3B-A64830B7CE26}.Release|iPhone.Build.0 = Release|Any CPU
		{E0038494-3A3D-4274-9E3B-A64830B7CE26}.Release|iPhoneSimulator.ActiveCfg = Release|Any CPU
		{E0038494-3A3D-4274-9E3B-A64830B7CE26}.Release|iPhoneSimulator.Build.0 = Release|Any CPU
		{E0038494-3A3D-4274-9E3B-A64830B7CE26}.Release|x64.ActiveCfg = Release|x64
		{E0038494-3A3D-4274-9E3B-A64830B7CE26}.Release|x64.Build.0 = Release|x64
		{E0038494-3A3D-4274-9E3B-A64830B7CE26}.Release|x86.ActiveCfg = Release|x86
		{E0038494-3A3D-4274-9E3B-A64830B7CE26}.Release|x86.Build.0 = Release|x86
		{754B39AD-D247-4972-9686-F95F889234A8}.Ad-Hoc|Any CPU.ActiveCfg = Release|Any CPU
		{754B39AD-D247-4972-9686-F95F889234A8}.Ad-Hoc|Any CPU.Build.0 = Release|Any CPU
		{754B39AD-D247-4972-9686-F95F889234A8}.Ad-Hoc|ARM.ActiveCfg = Release|Any CPU
		{754B39AD-D247-4972-9686-F95F889234A8}.Ad-Hoc|ARM.Build.0 = Release|Any CPU
		{754B39AD-D247-4972-9686-F95F889234A8}.Ad-Hoc|iPhone.ActiveCfg = Release|Any CPU
		{754B39AD-D247-4972-9686-F95F889234A8}.Ad-Hoc|iPhone.Build.0 = Release|Any CPU
		{754B39AD-D247-4972-9686-F95F889234A8}.Ad-Hoc|iPhoneSimulator.ActiveCfg = Release|Any CPU
		{754B39AD-D247-4972-9686-F95F889234A8}.Ad-Hoc|iPhoneSimulator.Build.0 = Release|Any CPU
		{754B39AD-D247-4972-9686-F95F889234A8}.Ad-Hoc|x64.ActiveCfg = Release|Any CPU
		{754B39AD-D247-4972-9686-F95F889234A8}.Ad-Hoc|x64.Build.0 = Release|Any CPU
		{754B39AD-D247-4972-9686-F95F889234A8}.Ad-Hoc|x86.ActiveCfg = Release|Any CPU
		{754B39AD-D247-4972-9686-F95F889234A8}.Ad-Hoc|x86.Build.0 = Release|Any CPU
		{754B39AD-D247-4972-9686-F95F889234A8}.AppStore|Any CPU.ActiveCfg = Release|Any CPU
		{754B39AD-D247-4972-9686-F95F889234A8}.AppStore|Any CPU.Build.0 = Release|Any CPU
		{754B39AD-D247-4972-9686-F95F889234A8}.AppStore|ARM.ActiveCfg = Release|Any CPU
		{754B39AD-D247-4972-9686-F95F889234A8}.AppStore|ARM.Build.0 = Release|Any CPU
		{754B39AD-D247-4972-9686-F95F889234A8}.AppStore|iPhone.ActiveCfg = Release|Any CPU
		{754B39AD-D247-4972-9686-F95F889234A8}.AppStore|iPhone.Build.0 = Release|Any CPU
		{754B39AD-D247-4972-9686-F95F889234A8}.AppStore|iPhoneSimulator.ActiveCfg = Release|Any CPU
		{754B39AD-D247-4972-9686-F95F889234A8}.AppStore|iPhoneSimulator.Build.0 = Release|Any CPU
		{754B39AD-D247-4972-9686-F95F889234A8}.AppStore|x64.ActiveCfg = Release|Any CPU
		{754B39AD-D247-4972-9686-F95F889234A8}.AppStore|x64.Build.0 = Release|Any CPU
		{754B39AD-D247-4972-9686-F95F889234A8}.AppStore|x86.ActiveCfg = Release|Any CPU
		{754B39AD-D247-4972-9686-F95F889234A8}.AppStore|x86.Build.0 = Release|Any CPU
		{754B39AD-D247-4972-9686-F95F889234A8}.Debug|Any CPU.ActiveCfg = Debug|Any CPU
		{754B39AD-D247-4972-9686-F95F889234A8}.Debug|Any CPU.Build.0 = Debug|Any CPU
		{754B39AD-D247-4972-9686-F95F889234A8}.Debug|ARM.ActiveCfg = Debug|Any CPU
		{754B39AD-D247-4972-9686-F95F889234A8}.Debug|ARM.Build.0 = Debug|Any CPU
		{754B39AD-D247-4972-9686-F95F889234A8}.Debug|iPhone.ActiveCfg = Debug|Any CPU
		{754B39AD-D247-4972-9686-F95F889234A8}.Debug|iPhone.Build.0 = Debug|Any CPU
		{754B39AD-D247-4972-9686-F95F889234A8}.Debug|iPhoneSimulator.ActiveCfg = Debug|Any CPU
		{754B39AD-D247-4972-9686-F95F889234A8}.Debug|iPhoneSimulator.Build.0 = Debug|Any CPU
		{754B39AD-D247-4972-9686-F95F889234A8}.Debug|x64.ActiveCfg = Debug|Any CPU
		{754B39AD-D247-4972-9686-F95F889234A8}.Debug|x64.Build.0 = Debug|Any CPU
		{754B39AD-D247-4972-9686-F95F889234A8}.Debug|x86.ActiveCfg = Debug|Any CPU
		{754B39AD-D247-4972-9686-F95F889234A8}.Debug|x86.Build.0 = Debug|Any CPU
		{754B39AD-D247-4972-9686-F95F889234A8}.Release|Any CPU.ActiveCfg = Release|Any CPU
		{754B39AD-D247-4972-9686-F95F889234A8}.Release|Any CPU.Build.0 = Release|Any CPU
		{754B39AD-D247-4972-9686-F95F889234A8}.Release|ARM.ActiveCfg = Release|Any CPU
		{754B39AD-D247-4972-9686-F95F889234A8}.Release|ARM.Build.0 = Release|Any CPU
		{754B39AD-D247-4972-9686-F95F889234A8}.Release|iPhone.ActiveCfg = Release|Any CPU
		{754B39AD-D247-4972-9686-F95F889234A8}.Release|iPhone.Build.0 = Release|Any CPU
		{754B39AD-D247-4972-9686-F95F889234A8}.Release|iPhoneSimulator.ActiveCfg = Release|Any CPU
		{754B39AD-D247-4972-9686-F95F889234A8}.Release|iPhoneSimulator.Build.0 = Release|Any CPU
		{754B39AD-D247-4972-9686-F95F889234A8}.Release|x64.ActiveCfg = Release|Any CPU
		{754B39AD-D247-4972-9686-F95F889234A8}.Release|x64.Build.0 = Release|Any CPU
		{754B39AD-D247-4972-9686-F95F889234A8}.Release|x86.ActiveCfg = Release|Any CPU
		{754B39AD-D247-4972-9686-F95F889234A8}.Release|x86.Build.0 = Release|Any CPU
		{422B7696-6958-4A6E-9E68-36043B827609}.Ad-Hoc|Any CPU.ActiveCfg = Release|Any CPU
		{422B7696-6958-4A6E-9E68-36043B827609}.Ad-Hoc|Any CPU.Build.0 = Release|Any CPU
		{422B7696-6958-4A6E-9E68-36043B827609}.Ad-Hoc|Any CPU.Deploy.0 = Release|Any CPU
		{422B7696-6958-4A6E-9E68-36043B827609}.Ad-Hoc|ARM.ActiveCfg = Release|Any CPU
		{422B7696-6958-4A6E-9E68-36043B827609}.Ad-Hoc|ARM.Build.0 = Release|Any CPU
		{422B7696-6958-4A6E-9E68-36043B827609}.Ad-Hoc|ARM.Deploy.0 = Release|Any CPU
		{422B7696-6958-4A6E-9E68-36043B827609}.Ad-Hoc|iPhone.ActiveCfg = Release|Any CPU
		{422B7696-6958-4A6E-9E68-36043B827609}.Ad-Hoc|iPhone.Build.0 = Release|Any CPU
		{422B7696-6958-4A6E-9E68-36043B827609}.Ad-Hoc|iPhone.Deploy.0 = Release|Any CPU
		{422B7696-6958-4A6E-9E68-36043B827609}.Ad-Hoc|iPhoneSimulator.ActiveCfg = Release|Any CPU
		{422B7696-6958-4A6E-9E68-36043B827609}.Ad-Hoc|iPhoneSimulator.Build.0 = Release|Any CPU
		{422B7696-6958-4A6E-9E68-36043B827609}.Ad-Hoc|iPhoneSimulator.Deploy.0 = Release|Any CPU
		{422B7696-6958-4A6E-9E68-36043B827609}.Ad-Hoc|x64.ActiveCfg = Release|Any CPU
		{422B7696-6958-4A6E-9E68-36043B827609}.Ad-Hoc|x64.Build.0 = Release|Any CPU
		{422B7696-6958-4A6E-9E68-36043B827609}.Ad-Hoc|x64.Deploy.0 = Release|Any CPU
		{422B7696-6958-4A6E-9E68-36043B827609}.Ad-Hoc|x86.ActiveCfg = Release|Any CPU
		{422B7696-6958-4A6E-9E68-36043B827609}.Ad-Hoc|x86.Build.0 = Release|Any CPU
		{422B7696-6958-4A6E-9E68-36043B827609}.Ad-Hoc|x86.Deploy.0 = Release|Any CPU
		{422B7696-6958-4A6E-9E68-36043B827609}.AppStore|Any CPU.ActiveCfg = Release|Any CPU
		{422B7696-6958-4A6E-9E68-36043B827609}.AppStore|Any CPU.Build.0 = Release|Any CPU
		{422B7696-6958-4A6E-9E68-36043B827609}.AppStore|Any CPU.Deploy.0 = Release|Any CPU
		{422B7696-6958-4A6E-9E68-36043B827609}.AppStore|ARM.ActiveCfg = Release|Any CPU
		{422B7696-6958-4A6E-9E68-36043B827609}.AppStore|ARM.Build.0 = Release|Any CPU
		{422B7696-6958-4A6E-9E68-36043B827609}.AppStore|ARM.Deploy.0 = Release|Any CPU
		{422B7696-6958-4A6E-9E68-36043B827609}.AppStore|iPhone.ActiveCfg = Release|Any CPU
		{422B7696-6958-4A6E-9E68-36043B827609}.AppStore|iPhone.Build.0 = Release|Any CPU
		{422B7696-6958-4A6E-9E68-36043B827609}.AppStore|iPhone.Deploy.0 = Release|Any CPU
		{422B7696-6958-4A6E-9E68-36043B827609}.AppStore|iPhoneSimulator.ActiveCfg = Release|Any CPU
		{422B7696-6958-4A6E-9E68-36043B827609}.AppStore|iPhoneSimulator.Build.0 = Release|Any CPU
		{422B7696-6958-4A6E-9E68-36043B827609}.AppStore|iPhoneSimulator.Deploy.0 = Release|Any CPU
		{422B7696-6958-4A6E-9E68-36043B827609}.AppStore|x64.ActiveCfg = Release|Any CPU
		{422B7696-6958-4A6E-9E68-36043B827609}.AppStore|x64.Build.0 = Release|Any CPU
		{422B7696-6958-4A6E-9E68-36043B827609}.AppStore|x64.Deploy.0 = Release|Any CPU
		{422B7696-6958-4A6E-9E68-36043B827609}.AppStore|x86.ActiveCfg = Release|Any CPU
		{422B7696-6958-4A6E-9E68-36043B827609}.AppStore|x86.Build.0 = Release|Any CPU
		{422B7696-6958-4A6E-9E68-36043B827609}.AppStore|x86.Deploy.0 = Release|Any CPU
		{422B7696-6958-4A6E-9E68-36043B827609}.Debug|Any CPU.ActiveCfg = Debug|Any CPU
		{422B7696-6958-4A6E-9E68-36043B827609}.Debug|Any CPU.Build.0 = Debug|Any CPU
		{422B7696-6958-4A6E-9E68-36043B827609}.Debug|Any CPU.Deploy.0 = Debug|Any CPU
		{422B7696-6958-4A6E-9E68-36043B827609}.Debug|ARM.ActiveCfg = Debug|Any CPU
		{422B7696-6958-4A6E-9E68-36043B827609}.Debug|ARM.Build.0 = Debug|Any CPU
		{422B7696-6958-4A6E-9E68-36043B827609}.Debug|ARM.Deploy.0 = Debug|Any CPU
		{422B7696-6958-4A6E-9E68-36043B827609}.Debug|iPhone.ActiveCfg = Debug|Any CPU
		{422B7696-6958-4A6E-9E68-36043B827609}.Debug|iPhone.Build.0 = Debug|Any CPU
		{422B7696-6958-4A6E-9E68-36043B827609}.Debug|iPhone.Deploy.0 = Debug|Any CPU
		{422B7696-6958-4A6E-9E68-36043B827609}.Debug|iPhoneSimulator.ActiveCfg = Debug|Any CPU
		{422B7696-6958-4A6E-9E68-36043B827609}.Debug|iPhoneSimulator.Build.0 = Debug|Any CPU
		{422B7696-6958-4A6E-9E68-36043B827609}.Debug|iPhoneSimulator.Deploy.0 = Debug|Any CPU
		{422B7696-6958-4A6E-9E68-36043B827609}.Debug|x64.ActiveCfg = Debug|Any CPU
		{422B7696-6958-4A6E-9E68-36043B827609}.Debug|x64.Build.0 = Debug|Any CPU
		{422B7696-6958-4A6E-9E68-36043B827609}.Debug|x64.Deploy.0 = Debug|Any CPU
		{422B7696-6958-4A6E-9E68-36043B827609}.Debug|x86.ActiveCfg = Debug|Any CPU
		{422B7696-6958-4A6E-9E68-36043B827609}.Debug|x86.Build.0 = Debug|Any CPU
		{422B7696-6958-4A6E-9E68-36043B827609}.Debug|x86.Deploy.0 = Debug|Any CPU
		{422B7696-6958-4A6E-9E68-36043B827609}.Release|Any CPU.ActiveCfg = Release|Any CPU
		{422B7696-6958-4A6E-9E68-36043B827609}.Release|Any CPU.Build.0 = Release|Any CPU
		{422B7696-6958-4A6E-9E68-36043B827609}.Release|Any CPU.Deploy.0 = Release|Any CPU
		{422B7696-6958-4A6E-9E68-36043B827609}.Release|ARM.ActiveCfg = Release|Any CPU
		{422B7696-6958-4A6E-9E68-36043B827609}.Release|ARM.Build.0 = Release|Any CPU
		{422B7696-6958-4A6E-9E68-36043B827609}.Release|ARM.Deploy.0 = Release|Any CPU
		{422B7696-6958-4A6E-9E68-36043B827609}.Release|iPhone.ActiveCfg = Release|Any CPU
		{422B7696-6958-4A6E-9E68-36043B827609}.Release|iPhone.Build.0 = Release|Any CPU
		{422B7696-6958-4A6E-9E68-36043B827609}.Release|iPhone.Deploy.0 = Release|Any CPU
		{422B7696-6958-4A6E-9E68-36043B827609}.Release|iPhoneSimulator.ActiveCfg = Release|Any CPU
		{422B7696-6958-4A6E-9E68-36043B827609}.Release|iPhoneSimulator.Build.0 = Release|Any CPU
		{422B7696-6958-4A6E-9E68-36043B827609}.Release|iPhoneSimulator.Deploy.0 = Release|Any CPU
		{422B7696-6958-4A6E-9E68-36043B827609}.Release|x64.ActiveCfg = Release|Any CPU
		{422B7696-6958-4A6E-9E68-36043B827609}.Release|x64.Build.0 = Release|Any CPU
		{422B7696-6958-4A6E-9E68-36043B827609}.Release|x64.Deploy.0 = Release|Any CPU
		{422B7696-6958-4A6E-9E68-36043B827609}.Release|x86.ActiveCfg = Release|Any CPU
		{422B7696-6958-4A6E-9E68-36043B827609}.Release|x86.Build.0 = Release|Any CPU
		{422B7696-6958-4A6E-9E68-36043B827609}.Release|x86.Deploy.0 = Release|Any CPU
		{0DBAD6F4-C394-4D97-A331-27EE8F3DD6FF}.Ad-Hoc|Any CPU.ActiveCfg = Release|Any CPU
		{0DBAD6F4-C394-4D97-A331-27EE8F3DD6FF}.Ad-Hoc|Any CPU.Build.0 = Release|Any CPU
		{0DBAD6F4-C394-4D97-A331-27EE8F3DD6FF}.Ad-Hoc|ARM.ActiveCfg = Release|Any CPU
		{0DBAD6F4-C394-4D97-A331-27EE8F3DD6FF}.Ad-Hoc|ARM.Build.0 = Release|Any CPU
		{0DBAD6F4-C394-4D97-A331-27EE8F3DD6FF}.Ad-Hoc|iPhone.ActiveCfg = Release|Any CPU
		{0DBAD6F4-C394-4D97-A331-27EE8F3DD6FF}.Ad-Hoc|iPhone.Build.0 = Release|Any CPU
		{0DBAD6F4-C394-4D97-A331-27EE8F3DD6FF}.Ad-Hoc|iPhoneSimulator.ActiveCfg = Release|Any CPU
		{0DBAD6F4-C394-4D97-A331-27EE8F3DD6FF}.Ad-Hoc|iPhoneSimulator.Build.0 = Release|Any CPU
		{0DBAD6F4-C394-4D97-A331-27EE8F3DD6FF}.Ad-Hoc|x64.ActiveCfg = Release|Any CPU
		{0DBAD6F4-C394-4D97-A331-27EE8F3DD6FF}.Ad-Hoc|x64.Build.0 = Release|Any CPU
		{0DBAD6F4-C394-4D97-A331-27EE8F3DD6FF}.Ad-Hoc|x86.ActiveCfg = Release|Any CPU
		{0DBAD6F4-C394-4D97-A331-27EE8F3DD6FF}.Ad-Hoc|x86.Build.0 = Release|Any CPU
		{0DBAD6F4-C394-4D97-A331-27EE8F3DD6FF}.AppStore|Any CPU.ActiveCfg = Release|Any CPU
		{0DBAD6F4-C394-4D97-A331-27EE8F3DD6FF}.AppStore|Any CPU.Build.0 = Release|Any CPU
		{0DBAD6F4-C394-4D97-A331-27EE8F3DD6FF}.AppStore|ARM.ActiveCfg = Release|Any CPU
		{0DBAD6F4-C394-4D97-A331-27EE8F3DD6FF}.AppStore|ARM.Build.0 = Release|Any CPU
		{0DBAD6F4-C394-4D97-A331-27EE8F3DD6FF}.AppStore|iPhone.ActiveCfg = Release|Any CPU
		{0DBAD6F4-C394-4D97-A331-27EE8F3DD6FF}.AppStore|iPhone.Build.0 = Release|Any CPU
		{0DBAD6F4-C394-4D97-A331-27EE8F3DD6FF}.AppStore|iPhoneSimulator.ActiveCfg = Release|Any CPU
		{0DBAD6F4-C394-4D97-A331-27EE8F3DD6FF}.AppStore|iPhoneSimulator.Build.0 = Release|Any CPU
		{0DBAD6F4-C394-4D97-A331-27EE8F3DD6FF}.AppStore|x64.ActiveCfg = Release|Any CPU
		{0DBAD6F4-C394-4D97-A331-27EE8F3DD6FF}.AppStore|x64.Build.0 = Release|Any CPU
		{0DBAD6F4-C394-4D97-A331-27EE8F3DD6FF}.AppStore|x86.ActiveCfg = Release|Any CPU
		{0DBAD6F4-C394-4D97-A331-27EE8F3DD6FF}.AppStore|x86.Build.0 = Release|Any CPU
		{0DBAD6F4-C394-4D97-A331-27EE8F3DD6FF}.Debug|Any CPU.ActiveCfg = Debug|Any CPU
		{0DBAD6F4-C394-4D97-A331-27EE8F3DD6FF}.Debug|Any CPU.Build.0 = Debug|Any CPU
		{0DBAD6F4-C394-4D97-A331-27EE8F3DD6FF}.Debug|ARM.ActiveCfg = Debug|Any CPU
		{0DBAD6F4-C394-4D97-A331-27EE8F3DD6FF}.Debug|ARM.Build.0 = Debug|Any CPU
		{0DBAD6F4-C394-4D97-A331-27EE8F3DD6FF}.Debug|iPhone.ActiveCfg = Debug|Any CPU
		{0DBAD6F4-C394-4D97-A331-27EE8F3DD6FF}.Debug|iPhone.Build.0 = Debug|Any CPU
		{0DBAD6F4-C394-4D97-A331-27EE8F3DD6FF}.Debug|iPhoneSimulator.ActiveCfg = Debug|Any CPU
		{0DBAD6F4-C394-4D97-A331-27EE8F3DD6FF}.Debug|iPhoneSimulator.Build.0 = Debug|Any CPU
		{0DBAD6F4-C394-4D97-A331-27EE8F3DD6FF}.Debug|x64.ActiveCfg = Debug|Any CPU
		{0DBAD6F4-C394-4D97-A331-27EE8F3DD6FF}.Debug|x64.Build.0 = Debug|Any CPU
		{0DBAD6F4-C394-4D97-A331-27EE8F3DD6FF}.Debug|x86.ActiveCfg = Debug|Any CPU
		{0DBAD6F4-C394-4D97-A331-27EE8F3DD6FF}.Debug|x86.Build.0 = Debug|Any CPU
		{0DBAD6F4-C394-4D97-A331-27EE8F3DD6FF}.Release|Any CPU.ActiveCfg = Release|Any CPU
		{0DBAD6F4-C394-4D97-A331-27EE8F3DD6FF}.Release|Any CPU.Build.0 = Release|Any CPU
		{0DBAD6F4-C394-4D97-A331-27EE8F3DD6FF}.Release|ARM.ActiveCfg = Release|Any CPU
		{0DBAD6F4-C394-4D97-A331-27EE8F3DD6FF}.Release|ARM.Build.0 = Release|Any CPU
		{0DBAD6F4-C394-4D97-A331-27EE8F3DD6FF}.Release|iPhone.ActiveCfg = Release|Any CPU
		{0DBAD6F4-C394-4D97-A331-27EE8F3DD6FF}.Release|iPhone.Build.0 = Release|Any CPU
		{0DBAD6F4-C394-4D97-A331-27EE8F3DD6FF}.Release|iPhoneSimulator.ActiveCfg = Release|Any CPU
		{0DBAD6F4-C394-4D97-A331-27EE8F3DD6FF}.Release|iPhoneSimulator.Build.0 = Release|Any CPU
		{0DBAD6F4-C394-4D97-A331-27EE8F3DD6FF}.Release|x64.ActiveCfg = Release|Any CPU
		{0DBAD6F4-C394-4D97-A331-27EE8F3DD6FF}.Release|x64.Build.0 = Release|Any CPU
		{0DBAD6F4-C394-4D97-A331-27EE8F3DD6FF}.Release|x86.ActiveCfg = Release|Any CPU
		{0DBAD6F4-C394-4D97-A331-27EE8F3DD6FF}.Release|x86.Build.0 = Release|Any CPU
		{4405B5BB-9E86-4339-B347-B2DD3D754474}.Ad-Hoc|Any CPU.ActiveCfg = Release|x86
		{4405B5BB-9E86-4339-B347-B2DD3D754474}.Ad-Hoc|Any CPU.Build.0 = Release|x86
		{4405B5BB-9E86-4339-B347-B2DD3D754474}.Ad-Hoc|Any CPU.Deploy.0 = Release|x86
		{4405B5BB-9E86-4339-B347-B2DD3D754474}.Ad-Hoc|ARM.ActiveCfg = Release|ARM
		{4405B5BB-9E86-4339-B347-B2DD3D754474}.Ad-Hoc|ARM.Build.0 = Release|ARM
		{4405B5BB-9E86-4339-B347-B2DD3D754474}.Ad-Hoc|ARM.Deploy.0 = Release|ARM
		{4405B5BB-9E86-4339-B347-B2DD3D754474}.Ad-Hoc|iPhone.ActiveCfg = Release|x86
		{4405B5BB-9E86-4339-B347-B2DD3D754474}.Ad-Hoc|iPhone.Build.0 = Release|x86
		{4405B5BB-9E86-4339-B347-B2DD3D754474}.Ad-Hoc|iPhone.Deploy.0 = Release|x86
		{4405B5BB-9E86-4339-B347-B2DD3D754474}.Ad-Hoc|iPhoneSimulator.ActiveCfg = Release|x86
		{4405B5BB-9E86-4339-B347-B2DD3D754474}.Ad-Hoc|iPhoneSimulator.Build.0 = Release|x86
		{4405B5BB-9E86-4339-B347-B2DD3D754474}.Ad-Hoc|iPhoneSimulator.Deploy.0 = Release|x86
		{4405B5BB-9E86-4339-B347-B2DD3D754474}.Ad-Hoc|x64.ActiveCfg = Release|x64
		{4405B5BB-9E86-4339-B347-B2DD3D754474}.Ad-Hoc|x64.Build.0 = Release|x64
		{4405B5BB-9E86-4339-B347-B2DD3D754474}.Ad-Hoc|x64.Deploy.0 = Release|x64
		{4405B5BB-9E86-4339-B347-B2DD3D754474}.Ad-Hoc|x86.ActiveCfg = Release|x86
		{4405B5BB-9E86-4339-B347-B2DD3D754474}.Ad-Hoc|x86.Build.0 = Release|x86
		{4405B5BB-9E86-4339-B347-B2DD3D754474}.Ad-Hoc|x86.Deploy.0 = Release|x86
		{4405B5BB-9E86-4339-B347-B2DD3D754474}.AppStore|Any CPU.ActiveCfg = Release|x86
		{4405B5BB-9E86-4339-B347-B2DD3D754474}.AppStore|Any CPU.Build.0 = Release|x86
		{4405B5BB-9E86-4339-B347-B2DD3D754474}.AppStore|Any CPU.Deploy.0 = Release|x86
		{4405B5BB-9E86-4339-B347-B2DD3D754474}.AppStore|ARM.ActiveCfg = Release|ARM
		{4405B5BB-9E86-4339-B347-B2DD3D754474}.AppStore|ARM.Build.0 = Release|ARM
		{4405B5BB-9E86-4339-B347-B2DD3D754474}.AppStore|ARM.Deploy.0 = Release|ARM
		{4405B5BB-9E86-4339-B347-B2DD3D754474}.AppStore|iPhone.ActiveCfg = Release|x86
		{4405B5BB-9E86-4339-B347-B2DD3D754474}.AppStore|iPhone.Build.0 = Release|x86
		{4405B5BB-9E86-4339-B347-B2DD3D754474}.AppStore|iPhone.Deploy.0 = Release|x86
		{4405B5BB-9E86-4339-B347-B2DD3D754474}.AppStore|iPhoneSimulator.ActiveCfg = Release|x86
		{4405B5BB-9E86-4339-B347-B2DD3D754474}.AppStore|iPhoneSimulator.Build.0 = Release|x86
		{4405B5BB-9E86-4339-B347-B2DD3D754474}.AppStore|iPhoneSimulator.Deploy.0 = Release|x86
		{4405B5BB-9E86-4339-B347-B2DD3D754474}.AppStore|x64.ActiveCfg = Release|x64
		{4405B5BB-9E86-4339-B347-B2DD3D754474}.AppStore|x64.Build.0 = Release|x64
		{4405B5BB-9E86-4339-B347-B2DD3D754474}.AppStore|x64.Deploy.0 = Release|x64
		{4405B5BB-9E86-4339-B347-B2DD3D754474}.AppStore|x86.ActiveCfg = Release|x86
		{4405B5BB-9E86-4339-B347-B2DD3D754474}.AppStore|x86.Build.0 = Release|x86
		{4405B5BB-9E86-4339-B347-B2DD3D754474}.AppStore|x86.Deploy.0 = Release|x86
		{4405B5BB-9E86-4339-B347-B2DD3D754474}.Debug|Any CPU.ActiveCfg = Debug|x64
		{4405B5BB-9E86-4339-B347-B2DD3D754474}.Debug|ARM.ActiveCfg = Debug|ARM
		{4405B5BB-9E86-4339-B347-B2DD3D754474}.Debug|ARM.Build.0 = Debug|ARM
		{4405B5BB-9E86-4339-B347-B2DD3D754474}.Debug|ARM.Deploy.0 = Debug|ARM
		{4405B5BB-9E86-4339-B347-B2DD3D754474}.Debug|iPhone.ActiveCfg = Debug|x86
		{4405B5BB-9E86-4339-B347-B2DD3D754474}.Debug|iPhoneSimulator.ActiveCfg = Debug|x86
		{4405B5BB-9E86-4339-B347-B2DD3D754474}.Debug|x64.ActiveCfg = Debug|x64
		{4405B5BB-9E86-4339-B347-B2DD3D754474}.Debug|x64.Build.0 = Debug|x64
		{4405B5BB-9E86-4339-B347-B2DD3D754474}.Debug|x64.Deploy.0 = Debug|x64
		{4405B5BB-9E86-4339-B347-B2DD3D754474}.Debug|x86.ActiveCfg = Debug|x86
		{4405B5BB-9E86-4339-B347-B2DD3D754474}.Debug|x86.Build.0 = Debug|x86
		{4405B5BB-9E86-4339-B347-B2DD3D754474}.Debug|x86.Deploy.0 = Debug|x86
		{4405B5BB-9E86-4339-B347-B2DD3D754474}.Release|Any CPU.ActiveCfg = Release|x86
		{4405B5BB-9E86-4339-B347-B2DD3D754474}.Release|ARM.ActiveCfg = Release|ARM
		{4405B5BB-9E86-4339-B347-B2DD3D754474}.Release|ARM.Build.0 = Release|ARM
		{4405B5BB-9E86-4339-B347-B2DD3D754474}.Release|ARM.Deploy.0 = Release|ARM
		{4405B5BB-9E86-4339-B347-B2DD3D754474}.Release|iPhone.ActiveCfg = Release|x86
		{4405B5BB-9E86-4339-B347-B2DD3D754474}.Release|iPhoneSimulator.ActiveCfg = Release|x86
		{4405B5BB-9E86-4339-B347-B2DD3D754474}.Release|x64.ActiveCfg = Release|x64
		{4405B5BB-9E86-4339-B347-B2DD3D754474}.Release|x64.Build.0 = Release|x64
		{4405B5BB-9E86-4339-B347-B2DD3D754474}.Release|x64.Deploy.0 = Release|x64
		{4405B5BB-9E86-4339-B347-B2DD3D754474}.Release|x86.ActiveCfg = Release|x86
		{4405B5BB-9E86-4339-B347-B2DD3D754474}.Release|x86.Build.0 = Release|x86
		{4405B5BB-9E86-4339-B347-B2DD3D754474}.Release|x86.Deploy.0 = Release|x86
		{218353AE-AE81-432F-BF4B-85B88702D812}.Ad-Hoc|Any CPU.ActiveCfg = Ad-Hoc|iPhone
		{218353AE-AE81-432F-BF4B-85B88702D812}.Ad-Hoc|ARM.ActiveCfg = Ad-Hoc|iPhone
		{218353AE-AE81-432F-BF4B-85B88702D812}.Ad-Hoc|iPhone.ActiveCfg = Ad-Hoc|iPhone
		{218353AE-AE81-432F-BF4B-85B88702D812}.Ad-Hoc|iPhone.Build.0 = Ad-Hoc|iPhone
		{218353AE-AE81-432F-BF4B-85B88702D812}.Ad-Hoc|iPhoneSimulator.ActiveCfg = Ad-Hoc|iPhoneSimulator
		{218353AE-AE81-432F-BF4B-85B88702D812}.Ad-Hoc|iPhoneSimulator.Build.0 = Ad-Hoc|iPhoneSimulator
		{218353AE-AE81-432F-BF4B-85B88702D812}.Ad-Hoc|x64.ActiveCfg = Ad-Hoc|iPhone
		{218353AE-AE81-432F-BF4B-85B88702D812}.Ad-Hoc|x86.ActiveCfg = Ad-Hoc|iPhone
		{218353AE-AE81-432F-BF4B-85B88702D812}.AppStore|Any CPU.ActiveCfg = AppStore|iPhone
		{218353AE-AE81-432F-BF4B-85B88702D812}.AppStore|ARM.ActiveCfg = AppStore|iPhone
		{218353AE-AE81-432F-BF4B-85B88702D812}.AppStore|iPhone.ActiveCfg = AppStore|iPhone
		{218353AE-AE81-432F-BF4B-85B88702D812}.AppStore|iPhone.Build.0 = AppStore|iPhone
		{218353AE-AE81-432F-BF4B-85B88702D812}.AppStore|iPhoneSimulator.ActiveCfg = AppStore|iPhoneSimulator
		{218353AE-AE81-432F-BF4B-85B88702D812}.AppStore|iPhoneSimulator.Build.0 = AppStore|iPhoneSimulator
		{218353AE-AE81-432F-BF4B-85B88702D812}.AppStore|x64.ActiveCfg = AppStore|iPhone
		{218353AE-AE81-432F-BF4B-85B88702D812}.AppStore|x86.ActiveCfg = AppStore|iPhone
		{218353AE-AE81-432F-BF4B-85B88702D812}.Debug|Any CPU.ActiveCfg = Debug|iPhone
		{218353AE-AE81-432F-BF4B-85B88702D812}.Debug|ARM.ActiveCfg = Debug|iPhone
		{218353AE-AE81-432F-BF4B-85B88702D812}.Debug|iPhone.ActiveCfg = Debug|iPhone
		{218353AE-AE81-432F-BF4B-85B88702D812}.Debug|iPhone.Build.0 = Debug|iPhone
		{218353AE-AE81-432F-BF4B-85B88702D812}.Debug|iPhoneSimulator.ActiveCfg = Debug|iPhoneSimulator
		{218353AE-AE81-432F-BF4B-85B88702D812}.Debug|iPhoneSimulator.Build.0 = Debug|iPhoneSimulator
		{218353AE-AE81-432F-BF4B-85B88702D812}.Debug|x64.ActiveCfg = Debug|iPhone
		{218353AE-AE81-432F-BF4B-85B88702D812}.Debug|x86.ActiveCfg = Debug|iPhone
		{218353AE-AE81-432F-BF4B-85B88702D812}.Release|Any CPU.ActiveCfg = Release|iPhone
		{218353AE-AE81-432F-BF4B-85B88702D812}.Release|ARM.ActiveCfg = Release|iPhone
		{218353AE-AE81-432F-BF4B-85B88702D812}.Release|iPhone.ActiveCfg = Release|iPhone
		{218353AE-AE81-432F-BF4B-85B88702D812}.Release|iPhone.Build.0 = Release|iPhone
		{218353AE-AE81-432F-BF4B-85B88702D812}.Release|iPhoneSimulator.ActiveCfg = Release|iPhoneSimulator
		{218353AE-AE81-432F-BF4B-85B88702D812}.Release|iPhoneSimulator.Build.0 = Release|iPhoneSimulator
		{218353AE-AE81-432F-BF4B-85B88702D812}.Release|x64.ActiveCfg = Release|iPhone
		{218353AE-AE81-432F-BF4B-85B88702D812}.Release|x86.ActiveCfg = Release|iPhone
		{271E6DED-495A-4D49-9C1F-5318A17FA879}.Ad-Hoc|Any CPU.ActiveCfg = Release|Any CPU
		{271E6DED-495A-4D49-9C1F-5318A17FA879}.Ad-Hoc|Any CPU.Build.0 = Release|Any CPU
		{271E6DED-495A-4D49-9C1F-5318A17FA879}.Ad-Hoc|ARM.ActiveCfg = Release|Any CPU
		{271E6DED-495A-4D49-9C1F-5318A17FA879}.Ad-Hoc|ARM.Build.0 = Release|Any CPU
		{271E6DED-495A-4D49-9C1F-5318A17FA879}.Ad-Hoc|iPhone.ActiveCfg = Release|Any CPU
		{271E6DED-495A-4D49-9C1F-5318A17FA879}.Ad-Hoc|iPhone.Build.0 = Release|Any CPU
		{271E6DED-495A-4D49-9C1F-5318A17FA879}.Ad-Hoc|iPhoneSimulator.ActiveCfg = Release|Any CPU
		{271E6DED-495A-4D49-9C1F-5318A17FA879}.Ad-Hoc|iPhoneSimulator.Build.0 = Release|Any CPU
		{271E6DED-495A-4D49-9C1F-5318A17FA879}.Ad-Hoc|x64.ActiveCfg = Release|Any CPU
		{271E6DED-495A-4D49-9C1F-5318A17FA879}.Ad-Hoc|x64.Build.0 = Release|Any CPU
		{271E6DED-495A-4D49-9C1F-5318A17FA879}.Ad-Hoc|x86.ActiveCfg = Release|Any CPU
		{271E6DED-495A-4D49-9C1F-5318A17FA879}.Ad-Hoc|x86.Build.0 = Release|Any CPU
		{271E6DED-495A-4D49-9C1F-5318A17FA879}.AppStore|Any CPU.ActiveCfg = Release|Any CPU
		{271E6DED-495A-4D49-9C1F-5318A17FA879}.AppStore|Any CPU.Build.0 = Release|Any CPU
		{271E6DED-495A-4D49-9C1F-5318A17FA879}.AppStore|ARM.ActiveCfg = Release|Any CPU
		{271E6DED-495A-4D49-9C1F-5318A17FA879}.AppStore|ARM.Build.0 = Release|Any CPU
		{271E6DED-495A-4D49-9C1F-5318A17FA879}.AppStore|iPhone.ActiveCfg = Release|Any CPU
		{271E6DED-495A-4D49-9C1F-5318A17FA879}.AppStore|iPhone.Build.0 = Release|Any CPU
		{271E6DED-495A-4D49-9C1F-5318A17FA879}.AppStore|iPhoneSimulator.ActiveCfg = Release|Any CPU
		{271E6DED-495A-4D49-9C1F-5318A17FA879}.AppStore|iPhoneSimulator.Build.0 = Release|Any CPU
		{271E6DED-495A-4D49-9C1F-5318A17FA879}.AppStore|x64.ActiveCfg = Release|Any CPU
		{271E6DED-495A-4D49-9C1F-5318A17FA879}.AppStore|x64.Build.0 = Release|Any CPU
		{271E6DED-495A-4D49-9C1F-5318A17FA879}.AppStore|x86.ActiveCfg = Release|Any CPU
		{271E6DED-495A-4D49-9C1F-5318A17FA879}.AppStore|x86.Build.0 = Release|Any CPU
		{271E6DED-495A-4D49-9C1F-5318A17FA879}.Debug|Any CPU.ActiveCfg = Debug|Any CPU
		{271E6DED-495A-4D49-9C1F-5318A17FA879}.Debug|Any CPU.Build.0 = Debug|Any CPU
		{271E6DED-495A-4D49-9C1F-5318A17FA879}.Debug|ARM.ActiveCfg = Debug|Any CPU
		{271E6DED-495A-4D49-9C1F-5318A17FA879}.Debug|ARM.Build.0 = Debug|Any CPU
		{271E6DED-495A-4D49-9C1F-5318A17FA879}.Debug|iPhone.ActiveCfg = Debug|Any CPU
		{271E6DED-495A-4D49-9C1F-5318A17FA879}.Debug|iPhone.Build.0 = Debug|Any CPU
		{271E6DED-495A-4D49-9C1F-5318A17FA879}.Debug|iPhoneSimulator.ActiveCfg = Debug|Any CPU
		{271E6DED-495A-4D49-9C1F-5318A17FA879}.Debug|iPhoneSimulator.Build.0 = Debug|Any CPU
		{271E6DED-495A-4D49-9C1F-5318A17FA879}.Debug|x64.ActiveCfg = Debug|Any CPU
		{271E6DED-495A-4D49-9C1F-5318A17FA879}.Debug|x64.Build.0 = Debug|Any CPU
		{271E6DED-495A-4D49-9C1F-5318A17FA879}.Debug|x86.ActiveCfg = Debug|Any CPU
		{271E6DED-495A-4D49-9C1F-5318A17FA879}.Debug|x86.Build.0 = Debug|Any CPU
		{271E6DED-495A-4D49-9C1F-5318A17FA879}.Release|Any CPU.ActiveCfg = Release|Any CPU
		{271E6DED-495A-4D49-9C1F-5318A17FA879}.Release|Any CPU.Build.0 = Release|Any CPU
		{271E6DED-495A-4D49-9C1F-5318A17FA879}.Release|ARM.ActiveCfg = Release|Any CPU
		{271E6DED-495A-4D49-9C1F-5318A17FA879}.Release|ARM.Build.0 = Release|Any CPU
		{271E6DED-495A-4D49-9C1F-5318A17FA879}.Release|iPhone.ActiveCfg = Release|Any CPU
		{271E6DED-495A-4D49-9C1F-5318A17FA879}.Release|iPhone.Build.0 = Release|Any CPU
		{271E6DED-495A-4D49-9C1F-5318A17FA879}.Release|iPhoneSimulator.ActiveCfg = Release|Any CPU
		{271E6DED-495A-4D49-9C1F-5318A17FA879}.Release|iPhoneSimulator.Build.0 = Release|Any CPU
		{271E6DED-495A-4D49-9C1F-5318A17FA879}.Release|x64.ActiveCfg = Release|Any CPU
		{271E6DED-495A-4D49-9C1F-5318A17FA879}.Release|x64.Build.0 = Release|Any CPU
		{271E6DED-495A-4D49-9C1F-5318A17FA879}.Release|x86.ActiveCfg = Release|Any CPU
		{271E6DED-495A-4D49-9C1F-5318A17FA879}.Release|x86.Build.0 = Release|Any CPU
		{934CACA9-5FFD-43CA-9AD6-3F5113B04BCB}.Ad-Hoc|Any CPU.ActiveCfg = Release|Any CPU
		{934CACA9-5FFD-43CA-9AD6-3F5113B04BCB}.Ad-Hoc|Any CPU.Build.0 = Release|Any CPU
		{934CACA9-5FFD-43CA-9AD6-3F5113B04BCB}.Ad-Hoc|ARM.ActiveCfg = Release|ARM
		{934CACA9-5FFD-43CA-9AD6-3F5113B04BCB}.Ad-Hoc|ARM.Build.0 = Release|ARM
		{934CACA9-5FFD-43CA-9AD6-3F5113B04BCB}.Ad-Hoc|iPhone.ActiveCfg = Release|Any CPU
		{934CACA9-5FFD-43CA-9AD6-3F5113B04BCB}.Ad-Hoc|iPhone.Build.0 = Release|Any CPU
		{934CACA9-5FFD-43CA-9AD6-3F5113B04BCB}.Ad-Hoc|iPhoneSimulator.ActiveCfg = Release|Any CPU
		{934CACA9-5FFD-43CA-9AD6-3F5113B04BCB}.Ad-Hoc|iPhoneSimulator.Build.0 = Release|Any CPU
		{934CACA9-5FFD-43CA-9AD6-3F5113B04BCB}.Ad-Hoc|x64.ActiveCfg = Release|Any CPU
		{934CACA9-5FFD-43CA-9AD6-3F5113B04BCB}.Ad-Hoc|x64.Build.0 = Release|Any CPU
		{934CACA9-5FFD-43CA-9AD6-3F5113B04BCB}.Ad-Hoc|x86.ActiveCfg = Release|x86
		{934CACA9-5FFD-43CA-9AD6-3F5113B04BCB}.Ad-Hoc|x86.Build.0 = Release|x86
		{934CACA9-5FFD-43CA-9AD6-3F5113B04BCB}.AppStore|Any CPU.ActiveCfg = Release|Any CPU
		{934CACA9-5FFD-43CA-9AD6-3F5113B04BCB}.AppStore|Any CPU.Build.0 = Release|Any CPU
		{934CACA9-5FFD-43CA-9AD6-3F5113B04BCB}.AppStore|ARM.ActiveCfg = Release|ARM
		{934CACA9-5FFD-43CA-9AD6-3F5113B04BCB}.AppStore|ARM.Build.0 = Release|ARM
		{934CACA9-5FFD-43CA-9AD6-3F5113B04BCB}.AppStore|iPhone.ActiveCfg = Release|Any CPU
		{934CACA9-5FFD-43CA-9AD6-3F5113B04BCB}.AppStore|iPhone.Build.0 = Release|Any CPU
		{934CACA9-5FFD-43CA-9AD6-3F5113B04BCB}.AppStore|iPhoneSimulator.ActiveCfg = Release|Any CPU
		{934CACA9-5FFD-43CA-9AD6-3F5113B04BCB}.AppStore|iPhoneSimulator.Build.0 = Release|Any CPU
		{934CACA9-5FFD-43CA-9AD6-3F5113B04BCB}.AppStore|x64.ActiveCfg = Release|Any CPU
		{934CACA9-5FFD-43CA-9AD6-3F5113B04BCB}.AppStore|x64.Build.0 = Release|Any CPU
		{934CACA9-5FFD-43CA-9AD6-3F5113B04BCB}.AppStore|x86.ActiveCfg = Release|x86
		{934CACA9-5FFD-43CA-9AD6-3F5113B04BCB}.AppStore|x86.Build.0 = Release|x86
		{934CACA9-5FFD-43CA-9AD6-3F5113B04BCB}.Debug|Any CPU.ActiveCfg = Debug|Any CPU
		{934CACA9-5FFD-43CA-9AD6-3F5113B04BCB}.Debug|Any CPU.Build.0 = Debug|Any CPU
		{934CACA9-5FFD-43CA-9AD6-3F5113B04BCB}.Debug|ARM.ActiveCfg = Debug|ARM
		{934CACA9-5FFD-43CA-9AD6-3F5113B04BCB}.Debug|ARM.Build.0 = Debug|ARM
		{934CACA9-5FFD-43CA-9AD6-3F5113B04BCB}.Debug|iPhone.ActiveCfg = Debug|Any CPU
		{934CACA9-5FFD-43CA-9AD6-3F5113B04BCB}.Debug|iPhone.Build.0 = Debug|Any CPU
		{934CACA9-5FFD-43CA-9AD6-3F5113B04BCB}.Debug|iPhoneSimulator.ActiveCfg = Debug|Any CPU
		{934CACA9-5FFD-43CA-9AD6-3F5113B04BCB}.Debug|iPhoneSimulator.Build.0 = Debug|Any CPU
		{934CACA9-5FFD-43CA-9AD6-3F5113B04BCB}.Debug|x64.ActiveCfg = Debug|Any CPU
		{934CACA9-5FFD-43CA-9AD6-3F5113B04BCB}.Debug|x64.Build.0 = Debug|Any CPU
		{934CACA9-5FFD-43CA-9AD6-3F5113B04BCB}.Debug|x86.ActiveCfg = Debug|x86
		{934CACA9-5FFD-43CA-9AD6-3F5113B04BCB}.Debug|x86.Build.0 = Debug|x86
		{934CACA9-5FFD-43CA-9AD6-3F5113B04BCB}.Release|Any CPU.ActiveCfg = Release|Any CPU
		{934CACA9-5FFD-43CA-9AD6-3F5113B04BCB}.Release|Any CPU.Build.0 = Release|Any CPU
		{934CACA9-5FFD-43CA-9AD6-3F5113B04BCB}.Release|ARM.ActiveCfg = Release|ARM
		{934CACA9-5FFD-43CA-9AD6-3F5113B04BCB}.Release|ARM.Build.0 = Release|ARM
		{934CACA9-5FFD-43CA-9AD6-3F5113B04BCB}.Release|iPhone.ActiveCfg = Release|Any CPU
		{934CACA9-5FFD-43CA-9AD6-3F5113B04BCB}.Release|iPhone.Build.0 = Release|Any CPU
		{934CACA9-5FFD-43CA-9AD6-3F5113B04BCB}.Release|iPhoneSimulator.ActiveCfg = Release|Any CPU
		{934CACA9-5FFD-43CA-9AD6-3F5113B04BCB}.Release|iPhoneSimulator.Build.0 = Release|Any CPU
		{934CACA9-5FFD-43CA-9AD6-3F5113B04BCB}.Release|x64.ActiveCfg = Release|Any CPU
		{934CACA9-5FFD-43CA-9AD6-3F5113B04BCB}.Release|x64.Build.0 = Release|Any CPU
		{934CACA9-5FFD-43CA-9AD6-3F5113B04BCB}.Release|x86.ActiveCfg = Release|x86
		{934CACA9-5FFD-43CA-9AD6-3F5113B04BCB}.Release|x86.Build.0 = Release|x86
		{E02908AF-830F-4E6E-AF54-48A620D58C48}.Ad-Hoc|Any CPU.ActiveCfg = Release|Any CPU
		{E02908AF-830F-4E6E-AF54-48A620D58C48}.Ad-Hoc|Any CPU.Build.0 = Release|Any CPU
		{E02908AF-830F-4E6E-AF54-48A620D58C48}.Ad-Hoc|Any CPU.Deploy.0 = Release|Any CPU
		{E02908AF-830F-4E6E-AF54-48A620D58C48}.Ad-Hoc|ARM.ActiveCfg = Release|Any CPU
		{E02908AF-830F-4E6E-AF54-48A620D58C48}.Ad-Hoc|ARM.Build.0 = Release|Any CPU
		{E02908AF-830F-4E6E-AF54-48A620D58C48}.Ad-Hoc|ARM.Deploy.0 = Release|Any CPU
		{E02908AF-830F-4E6E-AF54-48A620D58C48}.Ad-Hoc|iPhone.ActiveCfg = Release|Any CPU
		{E02908AF-830F-4E6E-AF54-48A620D58C48}.Ad-Hoc|iPhone.Build.0 = Release|Any CPU
		{E02908AF-830F-4E6E-AF54-48A620D58C48}.Ad-Hoc|iPhone.Deploy.0 = Release|Any CPU
		{E02908AF-830F-4E6E-AF54-48A620D58C48}.Ad-Hoc|iPhoneSimulator.ActiveCfg = Release|Any CPU
		{E02908AF-830F-4E6E-AF54-48A620D58C48}.Ad-Hoc|iPhoneSimulator.Build.0 = Release|Any CPU
		{E02908AF-830F-4E6E-AF54-48A620D58C48}.Ad-Hoc|iPhoneSimulator.Deploy.0 = Release|Any CPU
		{E02908AF-830F-4E6E-AF54-48A620D58C48}.Ad-Hoc|x64.ActiveCfg = Release|Any CPU
		{E02908AF-830F-4E6E-AF54-48A620D58C48}.Ad-Hoc|x64.Build.0 = Release|Any CPU
		{E02908AF-830F-4E6E-AF54-48A620D58C48}.Ad-Hoc|x64.Deploy.0 = Release|Any CPU
		{E02908AF-830F-4E6E-AF54-48A620D58C48}.Ad-Hoc|x86.ActiveCfg = Release|Any CPU
		{E02908AF-830F-4E6E-AF54-48A620D58C48}.Ad-Hoc|x86.Build.0 = Release|Any CPU
		{E02908AF-830F-4E6E-AF54-48A620D58C48}.Ad-Hoc|x86.Deploy.0 = Release|Any CPU
		{E02908AF-830F-4E6E-AF54-48A620D58C48}.AppStore|Any CPU.ActiveCfg = Release|Any CPU
		{E02908AF-830F-4E6E-AF54-48A620D58C48}.AppStore|Any CPU.Build.0 = Release|Any CPU
		{E02908AF-830F-4E6E-AF54-48A620D58C48}.AppStore|Any CPU.Deploy.0 = Release|Any CPU
		{E02908AF-830F-4E6E-AF54-48A620D58C48}.AppStore|ARM.ActiveCfg = Release|Any CPU
		{E02908AF-830F-4E6E-AF54-48A620D58C48}.AppStore|ARM.Build.0 = Release|Any CPU
		{E02908AF-830F-4E6E-AF54-48A620D58C48}.AppStore|ARM.Deploy.0 = Release|Any CPU
		{E02908AF-830F-4E6E-AF54-48A620D58C48}.AppStore|iPhone.ActiveCfg = Release|Any CPU
		{E02908AF-830F-4E6E-AF54-48A620D58C48}.AppStore|iPhone.Build.0 = Release|Any CPU
		{E02908AF-830F-4E6E-AF54-48A620D58C48}.AppStore|iPhone.Deploy.0 = Release|Any CPU
		{E02908AF-830F-4E6E-AF54-48A620D58C48}.AppStore|iPhoneSimulator.ActiveCfg = Release|Any CPU
		{E02908AF-830F-4E6E-AF54-48A620D58C48}.AppStore|iPhoneSimulator.Build.0 = Release|Any CPU
		{E02908AF-830F-4E6E-AF54-48A620D58C48}.AppStore|iPhoneSimulator.Deploy.0 = Release|Any CPU
		{E02908AF-830F-4E6E-AF54-48A620D58C48}.AppStore|x64.ActiveCfg = Release|Any CPU
		{E02908AF-830F-4E6E-AF54-48A620D58C48}.AppStore|x64.Build.0 = Release|Any CPU
		{E02908AF-830F-4E6E-AF54-48A620D58C48}.AppStore|x64.Deploy.0 = Release|Any CPU
		{E02908AF-830F-4E6E-AF54-48A620D58C48}.AppStore|x86.ActiveCfg = Release|Any CPU
		{E02908AF-830F-4E6E-AF54-48A620D58C48}.AppStore|x86.Build.0 = Release|Any CPU
		{E02908AF-830F-4E6E-AF54-48A620D58C48}.AppStore|x86.Deploy.0 = Release|Any CPU
		{E02908AF-830F-4E6E-AF54-48A620D58C48}.Debug|Any CPU.ActiveCfg = Debug|Any CPU
		{E02908AF-830F-4E6E-AF54-48A620D58C48}.Debug|Any CPU.Build.0 = Debug|Any CPU
		{E02908AF-830F-4E6E-AF54-48A620D58C48}.Debug|Any CPU.Deploy.0 = Debug|Any CPU
		{E02908AF-830F-4E6E-AF54-48A620D58C48}.Debug|ARM.ActiveCfg = Debug|Any CPU
		{E02908AF-830F-4E6E-AF54-48A620D58C48}.Debug|ARM.Build.0 = Debug|Any CPU
		{E02908AF-830F-4E6E-AF54-48A620D58C48}.Debug|ARM.Deploy.0 = Debug|Any CPU
		{E02908AF-830F-4E6E-AF54-48A620D58C48}.Debug|iPhone.ActiveCfg = Debug|Any CPU
		{E02908AF-830F-4E6E-AF54-48A620D58C48}.Debug|iPhone.Build.0 = Debug|Any CPU
		{E02908AF-830F-4E6E-AF54-48A620D58C48}.Debug|iPhone.Deploy.0 = Debug|Any CPU
		{E02908AF-830F-4E6E-AF54-48A620D58C48}.Debug|iPhoneSimulator.ActiveCfg = Debug|Any CPU
		{E02908AF-830F-4E6E-AF54-48A620D58C48}.Debug|iPhoneSimulator.Build.0 = Debug|Any CPU
		{E02908AF-830F-4E6E-AF54-48A620D58C48}.Debug|iPhoneSimulator.Deploy.0 = Debug|Any CPU
		{E02908AF-830F-4E6E-AF54-48A620D58C48}.Debug|x64.ActiveCfg = Debug|Any CPU
		{E02908AF-830F-4E6E-AF54-48A620D58C48}.Debug|x64.Build.0 = Debug|Any CPU
		{E02908AF-830F-4E6E-AF54-48A620D58C48}.Debug|x64.Deploy.0 = Debug|Any CPU
		{E02908AF-830F-4E6E-AF54-48A620D58C48}.Debug|x86.ActiveCfg = Debug|Any CPU
		{E02908AF-830F-4E6E-AF54-48A620D58C48}.Debug|x86.Build.0 = Debug|Any CPU
		{E02908AF-830F-4E6E-AF54-48A620D58C48}.Debug|x86.Deploy.0 = Debug|Any CPU
		{E02908AF-830F-4E6E-AF54-48A620D58C48}.Release|Any CPU.ActiveCfg = Release|Any CPU
		{E02908AF-830F-4E6E-AF54-48A620D58C48}.Release|Any CPU.Build.0 = Release|Any CPU
		{E02908AF-830F-4E6E-AF54-48A620D58C48}.Release|Any CPU.Deploy.0 = Release|Any CPU
		{E02908AF-830F-4E6E-AF54-48A620D58C48}.Release|ARM.ActiveCfg = Release|Any CPU
		{E02908AF-830F-4E6E-AF54-48A620D58C48}.Release|ARM.Build.0 = Release|Any CPU
		{E02908AF-830F-4E6E-AF54-48A620D58C48}.Release|ARM.Deploy.0 = Release|Any CPU
		{E02908AF-830F-4E6E-AF54-48A620D58C48}.Release|iPhone.ActiveCfg = Release|Any CPU
		{E02908AF-830F-4E6E-AF54-48A620D58C48}.Release|iPhone.Build.0 = Release|Any CPU
		{E02908AF-830F-4E6E-AF54-48A620D58C48}.Release|iPhone.Deploy.0 = Release|Any CPU
		{E02908AF-830F-4E6E-AF54-48A620D58C48}.Release|iPhoneSimulator.ActiveCfg = Release|Any CPU
		{E02908AF-830F-4E6E-AF54-48A620D58C48}.Release|iPhoneSimulator.Build.0 = Release|Any CPU
		{E02908AF-830F-4E6E-AF54-48A620D58C48}.Release|iPhoneSimulator.Deploy.0 = Release|Any CPU
		{E02908AF-830F-4E6E-AF54-48A620D58C48}.Release|x64.ActiveCfg = Release|Any CPU
		{E02908AF-830F-4E6E-AF54-48A620D58C48}.Release|x64.Build.0 = Release|Any CPU
		{E02908AF-830F-4E6E-AF54-48A620D58C48}.Release|x64.Deploy.0 = Release|Any CPU
		{E02908AF-830F-4E6E-AF54-48A620D58C48}.Release|x86.ActiveCfg = Release|Any CPU
		{E02908AF-830F-4E6E-AF54-48A620D58C48}.Release|x86.Build.0 = Release|Any CPU
		{E02908AF-830F-4E6E-AF54-48A620D58C48}.Release|x86.Deploy.0 = Release|Any CPU
		{DD5507BB-DF5E-4B6D-807E-EA8B809C646F}.Ad-Hoc|Any CPU.ActiveCfg = Ad-Hoc|iPhone
		{DD5507BB-DF5E-4B6D-807E-EA8B809C646F}.Ad-Hoc|ARM.ActiveCfg = Ad-Hoc|iPhone
		{DD5507BB-DF5E-4B6D-807E-EA8B809C646F}.Ad-Hoc|iPhone.ActiveCfg = Ad-Hoc|iPhone
		{DD5507BB-DF5E-4B6D-807E-EA8B809C646F}.Ad-Hoc|iPhone.Build.0 = Ad-Hoc|iPhone
		{DD5507BB-DF5E-4B6D-807E-EA8B809C646F}.Ad-Hoc|iPhoneSimulator.ActiveCfg = Ad-Hoc|iPhoneSimulator
		{DD5507BB-DF5E-4B6D-807E-EA8B809C646F}.Ad-Hoc|iPhoneSimulator.Build.0 = Ad-Hoc|iPhoneSimulator
		{DD5507BB-DF5E-4B6D-807E-EA8B809C646F}.Ad-Hoc|x64.ActiveCfg = Ad-Hoc|iPhone
		{DD5507BB-DF5E-4B6D-807E-EA8B809C646F}.Ad-Hoc|x86.ActiveCfg = Ad-Hoc|iPhone
		{DD5507BB-DF5E-4B6D-807E-EA8B809C646F}.AppStore|Any CPU.ActiveCfg = AppStore|iPhone
		{DD5507BB-DF5E-4B6D-807E-EA8B809C646F}.AppStore|ARM.ActiveCfg = AppStore|iPhone
		{DD5507BB-DF5E-4B6D-807E-EA8B809C646F}.AppStore|iPhone.ActiveCfg = AppStore|iPhone
		{DD5507BB-DF5E-4B6D-807E-EA8B809C646F}.AppStore|iPhone.Build.0 = AppStore|iPhone
		{DD5507BB-DF5E-4B6D-807E-EA8B809C646F}.AppStore|iPhoneSimulator.ActiveCfg = AppStore|iPhoneSimulator
		{DD5507BB-DF5E-4B6D-807E-EA8B809C646F}.AppStore|iPhoneSimulator.Build.0 = AppStore|iPhoneSimulator
		{DD5507BB-DF5E-4B6D-807E-EA8B809C646F}.AppStore|x64.ActiveCfg = AppStore|iPhone
		{DD5507BB-DF5E-4B6D-807E-EA8B809C646F}.AppStore|x86.ActiveCfg = AppStore|iPhone
		{DD5507BB-DF5E-4B6D-807E-EA8B809C646F}.Debug|Any CPU.ActiveCfg = Debug|iPhone
		{DD5507BB-DF5E-4B6D-807E-EA8B809C646F}.Debug|ARM.ActiveCfg = Debug|iPhone
		{DD5507BB-DF5E-4B6D-807E-EA8B809C646F}.Debug|iPhone.ActiveCfg = Debug|iPhone
		{DD5507BB-DF5E-4B6D-807E-EA8B809C646F}.Debug|iPhone.Build.0 = Debug|iPhone
		{DD5507BB-DF5E-4B6D-807E-EA8B809C646F}.Debug|iPhoneSimulator.ActiveCfg = Debug|iPhoneSimulator
		{DD5507BB-DF5E-4B6D-807E-EA8B809C646F}.Debug|iPhoneSimulator.Build.0 = Debug|iPhoneSimulator
		{DD5507BB-DF5E-4B6D-807E-EA8B809C646F}.Debug|x64.ActiveCfg = Debug|iPhone
		{DD5507BB-DF5E-4B6D-807E-EA8B809C646F}.Debug|x86.ActiveCfg = Debug|iPhone
		{DD5507BB-DF5E-4B6D-807E-EA8B809C646F}.Release|Any CPU.ActiveCfg = Release|iPhone
		{DD5507BB-DF5E-4B6D-807E-EA8B809C646F}.Release|ARM.ActiveCfg = Release|iPhone
		{DD5507BB-DF5E-4B6D-807E-EA8B809C646F}.Release|iPhone.ActiveCfg = Release|iPhone
		{DD5507BB-DF5E-4B6D-807E-EA8B809C646F}.Release|iPhone.Build.0 = Release|iPhone
		{DD5507BB-DF5E-4B6D-807E-EA8B809C646F}.Release|iPhoneSimulator.ActiveCfg = Release|iPhoneSimulator
		{DD5507BB-DF5E-4B6D-807E-EA8B809C646F}.Release|iPhoneSimulator.Build.0 = Release|iPhoneSimulator
		{DD5507BB-DF5E-4B6D-807E-EA8B809C646F}.Release|x64.ActiveCfg = Release|iPhone
		{DD5507BB-DF5E-4B6D-807E-EA8B809C646F}.Release|x86.ActiveCfg = Release|iPhone
		{00E1F6BB-A9F9-40F2-B9F8-4E6286DEE07F}.Ad-Hoc|Any CPU.ActiveCfg = Release|x86
		{00E1F6BB-A9F9-40F2-B9F8-4E6286DEE07F}.Ad-Hoc|Any CPU.Build.0 = Release|x86
		{00E1F6BB-A9F9-40F2-B9F8-4E6286DEE07F}.Ad-Hoc|Any CPU.Deploy.0 = Release|x86
		{00E1F6BB-A9F9-40F2-B9F8-4E6286DEE07F}.Ad-Hoc|ARM.ActiveCfg = Release|ARM
		{00E1F6BB-A9F9-40F2-B9F8-4E6286DEE07F}.Ad-Hoc|ARM.Build.0 = Release|ARM
		{00E1F6BB-A9F9-40F2-B9F8-4E6286DEE07F}.Ad-Hoc|ARM.Deploy.0 = Release|ARM
		{00E1F6BB-A9F9-40F2-B9F8-4E6286DEE07F}.Ad-Hoc|iPhone.ActiveCfg = Release|x86
		{00E1F6BB-A9F9-40F2-B9F8-4E6286DEE07F}.Ad-Hoc|iPhone.Build.0 = Release|x86
		{00E1F6BB-A9F9-40F2-B9F8-4E6286DEE07F}.Ad-Hoc|iPhone.Deploy.0 = Release|x86
		{00E1F6BB-A9F9-40F2-B9F8-4E6286DEE07F}.Ad-Hoc|iPhoneSimulator.ActiveCfg = Release|x86
		{00E1F6BB-A9F9-40F2-B9F8-4E6286DEE07F}.Ad-Hoc|iPhoneSimulator.Build.0 = Release|x86
		{00E1F6BB-A9F9-40F2-B9F8-4E6286DEE07F}.Ad-Hoc|iPhoneSimulator.Deploy.0 = Release|x86
		{00E1F6BB-A9F9-40F2-B9F8-4E6286DEE07F}.Ad-Hoc|x64.ActiveCfg = Release|x64
		{00E1F6BB-A9F9-40F2-B9F8-4E6286DEE07F}.Ad-Hoc|x64.Build.0 = Release|x64
		{00E1F6BB-A9F9-40F2-B9F8-4E6286DEE07F}.Ad-Hoc|x64.Deploy.0 = Release|x64
		{00E1F6BB-A9F9-40F2-B9F8-4E6286DEE07F}.Ad-Hoc|x86.ActiveCfg = Release|x86
		{00E1F6BB-A9F9-40F2-B9F8-4E6286DEE07F}.Ad-Hoc|x86.Build.0 = Release|x86
		{00E1F6BB-A9F9-40F2-B9F8-4E6286DEE07F}.Ad-Hoc|x86.Deploy.0 = Release|x86
		{00E1F6BB-A9F9-40F2-B9F8-4E6286DEE07F}.AppStore|Any CPU.ActiveCfg = Release|x86
		{00E1F6BB-A9F9-40F2-B9F8-4E6286DEE07F}.AppStore|Any CPU.Build.0 = Release|x86
		{00E1F6BB-A9F9-40F2-B9F8-4E6286DEE07F}.AppStore|Any CPU.Deploy.0 = Release|x86
		{00E1F6BB-A9F9-40F2-B9F8-4E6286DEE07F}.AppStore|ARM.ActiveCfg = Release|ARM
		{00E1F6BB-A9F9-40F2-B9F8-4E6286DEE07F}.AppStore|ARM.Build.0 = Release|ARM
		{00E1F6BB-A9F9-40F2-B9F8-4E6286DEE07F}.AppStore|ARM.Deploy.0 = Release|ARM
		{00E1F6BB-A9F9-40F2-B9F8-4E6286DEE07F}.AppStore|iPhone.ActiveCfg = Release|x86
		{00E1F6BB-A9F9-40F2-B9F8-4E6286DEE07F}.AppStore|iPhone.Build.0 = Release|x86
		{00E1F6BB-A9F9-40F2-B9F8-4E6286DEE07F}.AppStore|iPhone.Deploy.0 = Release|x86
		{00E1F6BB-A9F9-40F2-B9F8-4E6286DEE07F}.AppStore|iPhoneSimulator.ActiveCfg = Release|x86
		{00E1F6BB-A9F9-40F2-B9F8-4E6286DEE07F}.AppStore|iPhoneSimulator.Build.0 = Release|x86
		{00E1F6BB-A9F9-40F2-B9F8-4E6286DEE07F}.AppStore|iPhoneSimulator.Deploy.0 = Release|x86
		{00E1F6BB-A9F9-40F2-B9F8-4E6286DEE07F}.AppStore|x64.ActiveCfg = Release|x64
		{00E1F6BB-A9F9-40F2-B9F8-4E6286DEE07F}.AppStore|x64.Build.0 = Release|x64
		{00E1F6BB-A9F9-40F2-B9F8-4E6286DEE07F}.AppStore|x64.Deploy.0 = Release|x64
		{00E1F6BB-A9F9-40F2-B9F8-4E6286DEE07F}.AppStore|x86.ActiveCfg = Release|x86
		{00E1F6BB-A9F9-40F2-B9F8-4E6286DEE07F}.AppStore|x86.Build.0 = Release|x86
		{00E1F6BB-A9F9-40F2-B9F8-4E6286DEE07F}.AppStore|x86.Deploy.0 = Release|x86
		{00E1F6BB-A9F9-40F2-B9F8-4E6286DEE07F}.Debug|Any CPU.ActiveCfg = Debug|x86
		{00E1F6BB-A9F9-40F2-B9F8-4E6286DEE07F}.Debug|ARM.ActiveCfg = Debug|ARM
		{00E1F6BB-A9F9-40F2-B9F8-4E6286DEE07F}.Debug|ARM.Build.0 = Debug|ARM
		{00E1F6BB-A9F9-40F2-B9F8-4E6286DEE07F}.Debug|ARM.Deploy.0 = Debug|ARM
		{00E1F6BB-A9F9-40F2-B9F8-4E6286DEE07F}.Debug|iPhone.ActiveCfg = Debug|x86
		{00E1F6BB-A9F9-40F2-B9F8-4E6286DEE07F}.Debug|iPhoneSimulator.ActiveCfg = Debug|x86
		{00E1F6BB-A9F9-40F2-B9F8-4E6286DEE07F}.Debug|x64.ActiveCfg = Debug|x64
		{00E1F6BB-A9F9-40F2-B9F8-4E6286DEE07F}.Debug|x64.Build.0 = Debug|x64
		{00E1F6BB-A9F9-40F2-B9F8-4E6286DEE07F}.Debug|x64.Deploy.0 = Debug|x64
		{00E1F6BB-A9F9-40F2-B9F8-4E6286DEE07F}.Debug|x86.ActiveCfg = Debug|x86
		{00E1F6BB-A9F9-40F2-B9F8-4E6286DEE07F}.Debug|x86.Build.0 = Debug|x86
		{00E1F6BB-A9F9-40F2-B9F8-4E6286DEE07F}.Debug|x86.Deploy.0 = Debug|x86
		{00E1F6BB-A9F9-40F2-B9F8-4E6286DEE07F}.Release|Any CPU.ActiveCfg = Release|x86
		{00E1F6BB-A9F9-40F2-B9F8-4E6286DEE07F}.Release|ARM.ActiveCfg = Release|ARM
		{00E1F6BB-A9F9-40F2-B9F8-4E6286DEE07F}.Release|ARM.Build.0 = Release|ARM
		{00E1F6BB-A9F9-40F2-B9F8-4E6286DEE07F}.Release|ARM.Deploy.0 = Release|ARM
		{00E1F6BB-A9F9-40F2-B9F8-4E6286DEE07F}.Release|iPhone.ActiveCfg = Release|x86
		{00E1F6BB-A9F9-40F2-B9F8-4E6286DEE07F}.Release|iPhoneSimulator.ActiveCfg = Release|x86
		{00E1F6BB-A9F9-40F2-B9F8-4E6286DEE07F}.Release|x64.ActiveCfg = Release|x64
		{00E1F6BB-A9F9-40F2-B9F8-4E6286DEE07F}.Release|x64.Build.0 = Release|x64
		{00E1F6BB-A9F9-40F2-B9F8-4E6286DEE07F}.Release|x64.Deploy.0 = Release|x64
		{00E1F6BB-A9F9-40F2-B9F8-4E6286DEE07F}.Release|x86.ActiveCfg = Release|x86
		{00E1F6BB-A9F9-40F2-B9F8-4E6286DEE07F}.Release|x86.Build.0 = Release|x86
		{00E1F6BB-A9F9-40F2-B9F8-4E6286DEE07F}.Release|x86.Deploy.0 = Release|x86
		{3E814BE1-6AA7-47E4-A8AC-AEFAEE932EF3}.Ad-Hoc|Any CPU.ActiveCfg = Debug|Any CPU
		{3E814BE1-6AA7-47E4-A8AC-AEFAEE932EF3}.Ad-Hoc|Any CPU.Build.0 = Debug|Any CPU
		{3E814BE1-6AA7-47E4-A8AC-AEFAEE932EF3}.Ad-Hoc|ARM.ActiveCfg = Debug|Any CPU
		{3E814BE1-6AA7-47E4-A8AC-AEFAEE932EF3}.Ad-Hoc|ARM.Build.0 = Debug|Any CPU
		{3E814BE1-6AA7-47E4-A8AC-AEFAEE932EF3}.Ad-Hoc|iPhone.ActiveCfg = Debug|Any CPU
		{3E814BE1-6AA7-47E4-A8AC-AEFAEE932EF3}.Ad-Hoc|iPhone.Build.0 = Debug|Any CPU
		{3E814BE1-6AA7-47E4-A8AC-AEFAEE932EF3}.Ad-Hoc|iPhoneSimulator.ActiveCfg = Debug|Any CPU
		{3E814BE1-6AA7-47E4-A8AC-AEFAEE932EF3}.Ad-Hoc|iPhoneSimulator.Build.0 = Debug|Any CPU
		{3E814BE1-6AA7-47E4-A8AC-AEFAEE932EF3}.Ad-Hoc|x64.ActiveCfg = Debug|Any CPU
		{3E814BE1-6AA7-47E4-A8AC-AEFAEE932EF3}.Ad-Hoc|x64.Build.0 = Debug|Any CPU
		{3E814BE1-6AA7-47E4-A8AC-AEFAEE932EF3}.Ad-Hoc|x86.ActiveCfg = Debug|Any CPU
		{3E814BE1-6AA7-47E4-A8AC-AEFAEE932EF3}.Ad-Hoc|x86.Build.0 = Debug|Any CPU
		{3E814BE1-6AA7-47E4-A8AC-AEFAEE932EF3}.AppStore|Any CPU.ActiveCfg = Debug|Any CPU
		{3E814BE1-6AA7-47E4-A8AC-AEFAEE932EF3}.AppStore|Any CPU.Build.0 = Debug|Any CPU
		{3E814BE1-6AA7-47E4-A8AC-AEFAEE932EF3}.AppStore|ARM.ActiveCfg = Debug|Any CPU
		{3E814BE1-6AA7-47E4-A8AC-AEFAEE932EF3}.AppStore|ARM.Build.0 = Debug|Any CPU
		{3E814BE1-6AA7-47E4-A8AC-AEFAEE932EF3}.AppStore|iPhone.ActiveCfg = Debug|Any CPU
		{3E814BE1-6AA7-47E4-A8AC-AEFAEE932EF3}.AppStore|iPhone.Build.0 = Debug|Any CPU
		{3E814BE1-6AA7-47E4-A8AC-AEFAEE932EF3}.AppStore|iPhoneSimulator.ActiveCfg = Debug|Any CPU
		{3E814BE1-6AA7-47E4-A8AC-AEFAEE932EF3}.AppStore|iPhoneSimulator.Build.0 = Debug|Any CPU
		{3E814BE1-6AA7-47E4-A8AC-AEFAEE932EF3}.AppStore|x64.ActiveCfg = Debug|Any CPU
		{3E814BE1-6AA7-47E4-A8AC-AEFAEE932EF3}.AppStore|x64.Build.0 = Debug|Any CPU
		{3E814BE1-6AA7-47E4-A8AC-AEFAEE932EF3}.AppStore|x86.ActiveCfg = Debug|Any CPU
		{3E814BE1-6AA7-47E4-A8AC-AEFAEE932EF3}.AppStore|x86.Build.0 = Debug|Any CPU
		{3E814BE1-6AA7-47E4-A8AC-AEFAEE932EF3}.Debug|Any CPU.ActiveCfg = Debug|Any CPU
		{3E814BE1-6AA7-47E4-A8AC-AEFAEE932EF3}.Debug|Any CPU.Build.0 = Debug|Any CPU
		{3E814BE1-6AA7-47E4-A8AC-AEFAEE932EF3}.Debug|ARM.ActiveCfg = Debug|Any CPU
		{3E814BE1-6AA7-47E4-A8AC-AEFAEE932EF3}.Debug|ARM.Build.0 = Debug|Any CPU
		{3E814BE1-6AA7-47E4-A8AC-AEFAEE932EF3}.Debug|iPhone.ActiveCfg = Debug|Any CPU
		{3E814BE1-6AA7-47E4-A8AC-AEFAEE932EF3}.Debug|iPhone.Build.0 = Debug|Any CPU
		{3E814BE1-6AA7-47E4-A8AC-AEFAEE932EF3}.Debug|iPhoneSimulator.ActiveCfg = Debug|Any CPU
		{3E814BE1-6AA7-47E4-A8AC-AEFAEE932EF3}.Debug|iPhoneSimulator.Build.0 = Debug|Any CPU
		{3E814BE1-6AA7-47E4-A8AC-AEFAEE932EF3}.Debug|x64.ActiveCfg = Debug|Any CPU
		{3E814BE1-6AA7-47E4-A8AC-AEFAEE932EF3}.Debug|x64.Build.0 = Debug|Any CPU
		{3E814BE1-6AA7-47E4-A8AC-AEFAEE932EF3}.Debug|x86.ActiveCfg = Debug|Any CPU
		{3E814BE1-6AA7-47E4-A8AC-AEFAEE932EF3}.Debug|x86.Build.0 = Debug|Any CPU
		{3E814BE1-6AA7-47E4-A8AC-AEFAEE932EF3}.Release|Any CPU.ActiveCfg = Release|Any CPU
		{3E814BE1-6AA7-47E4-A8AC-AEFAEE932EF3}.Release|Any CPU.Build.0 = Release|Any CPU
		{3E814BE1-6AA7-47E4-A8AC-AEFAEE932EF3}.Release|ARM.ActiveCfg = Release|Any CPU
		{3E814BE1-6AA7-47E4-A8AC-AEFAEE932EF3}.Release|ARM.Build.0 = Release|Any CPU
		{3E814BE1-6AA7-47E4-A8AC-AEFAEE932EF3}.Release|iPhone.ActiveCfg = Release|Any CPU
		{3E814BE1-6AA7-47E4-A8AC-AEFAEE932EF3}.Release|iPhone.Build.0 = Release|Any CPU
		{3E814BE1-6AA7-47E4-A8AC-AEFAEE932EF3}.Release|iPhoneSimulator.ActiveCfg = Release|Any CPU
		{3E814BE1-6AA7-47E4-A8AC-AEFAEE932EF3}.Release|iPhoneSimulator.Build.0 = Release|Any CPU
		{3E814BE1-6AA7-47E4-A8AC-AEFAEE932EF3}.Release|x64.ActiveCfg = Release|Any CPU
		{3E814BE1-6AA7-47E4-A8AC-AEFAEE932EF3}.Release|x64.Build.0 = Release|Any CPU
		{3E814BE1-6AA7-47E4-A8AC-AEFAEE932EF3}.Release|x86.ActiveCfg = Release|Any CPU
		{3E814BE1-6AA7-47E4-A8AC-AEFAEE932EF3}.Release|x86.Build.0 = Release|Any CPU
	EndGlobalSection
	GlobalSection(SolutionProperties) = preSolution
		HideSolutionNode = FALSE
	EndGlobalSection
	GlobalSection(NestedProjects) = preSolution
		{422B7696-6958-4A6E-9E68-36043B827609} = {13DEC0AB-6F58-4DAC-A8E0-6BA3CF9E1D20}
		{0DBAD6F4-C394-4D97-A331-27EE8F3DD6FF} = {13DEC0AB-6F58-4DAC-A8E0-6BA3CF9E1D20}
		{4405B5BB-9E86-4339-B347-B2DD3D754474} = {13DEC0AB-6F58-4DAC-A8E0-6BA3CF9E1D20}
		{218353AE-AE81-432F-BF4B-85B88702D812} = {13DEC0AB-6F58-4DAC-A8E0-6BA3CF9E1D20}
		{13DEC0AB-6F58-4DAC-A8E0-6BA3CF9E1D20} = {D9EEDC00-F7B0-408F-A7D6-70120F27D3EA}
		{E02908AF-830F-4E6E-AF54-48A620D58C48} = {60BA1EA4-F715-4112-82DE-E7AE48B8D3DC}
		{DD5507BB-DF5E-4B6D-807E-EA8B809C646F} = {60BA1EA4-F715-4112-82DE-E7AE48B8D3DC}
		{00E1F6BB-A9F9-40F2-B9F8-4E6286DEE07F} = {60BA1EA4-F715-4112-82DE-E7AE48B8D3DC}
		{3E814BE1-6AA7-47E4-A8AC-AEFAEE932EF3} = {60BA1EA4-F715-4112-82DE-E7AE48B8D3DC}
		{60BA1EA4-F715-4112-82DE-E7AE48B8D3DC} = {D9EEDC00-F7B0-408F-A7D6-70120F27D3EA}
	EndGlobalSection
	GlobalSection(ExtensibilityGlobals) = postSolution
		SolutionGuid = {7C475EC3-7520-407F-9D46-C00777392A9E}
	EndGlobalSection
EndGlobal
